// !$*UTF8*$!
{
	archiveVersion = 1;
	classes = {
	};
	objectVersion = 56;
	objects = {

/* Begin PBXBuildFile section */
		CC0231582BCD47C8007CC053 /* CategoryView.swift in Sources */ = {isa = PBXBuildFile; fileRef = CC0231572BCD47C8007CC053 /* CategoryView.swift */; };
		CC06A95C2C0C07F100A0DAD3 /* EncodableExtension.swift in Sources */ = {isa = PBXBuildFile; fileRef = CC06A95B2C0C07F100A0DAD3 /* EncodableExtension.swift */; };
		CC06A95E2C0C080500A0DAD3 /* ColorExtension.swift in Sources */ = {isa = PBXBuildFile; fileRef = CC06A95D2C0C080500A0DAD3 /* ColorExtension.swift */; };
		CC06A9602C0C082200A0DAD3 /* NumberFormatterExtension.swift in Sources */ = {isa = PBXBuildFile; fileRef = CC06A95F2C0C082200A0DAD3 /* NumberFormatterExtension.swift */; };
		CC06A96F2C0C898D00A0DAD3 /* TextFieldExtension.swift in Sources */ = {isa = PBXBuildFile; fileRef = CC06A96E2C0C898D00A0DAD3 /* TextFieldExtension.swift */; };
		CC06A9732C0C8D5800A0DAD3 /* DoubleExtension.swift in Sources */ = {isa = PBXBuildFile; fileRef = CC06A9722C0C8D5800A0DAD3 /* DoubleExtension.swift */; };
		CC06A9752C0C917E00A0DAD3 /* HRAddProductButton.swift in Sources */ = {isa = PBXBuildFile; fileRef = CC06A9742C0C917E00A0DAD3 /* HRAddProductButton.swift */; };
		CC06A97D2C0C97A100A0DAD3 /* NetworkManager.swift in Sources */ = {isa = PBXBuildFile; fileRef = CC06A97C2C0C97A100A0DAD3 /* NetworkManager.swift */; };
		CC06A97F2C0C97F000A0DAD3 /* NoNetworkView.swift in Sources */ = {isa = PBXBuildFile; fileRef = CC06A97E2C0C97F000A0DAD3 /* NoNetworkView.swift */; };
		CC1026242C218908003FF6C4 /* Launch Screen.storyboard in Resources */ = {isa = PBXBuildFile; fileRef = CC1026232C218908003FF6C4 /* Launch Screen.storyboard */; };
		CC1107892C13F0EB00AB9F58 /* HROrder.swift in Sources */ = {isa = PBXBuildFile; fileRef = CC1107882C13F0EB00AB9F58 /* HROrder.swift */; };
		CC11078B2C14565400AB9F58 /* VendorOrdersView.swift in Sources */ = {isa = PBXBuildFile; fileRef = CC11078A2C14565400AB9F58 /* VendorOrdersView.swift */; };
		CC11078D2C1456F200AB9F58 /* VendorOrdersViewModel.swift in Sources */ = {isa = PBXBuildFile; fileRef = CC11078C2C1456F200AB9F58 /* VendorOrdersViewModel.swift */; };
		CC2ACF942C10045B004C040B /* GoogleService-Info.plist in Resources */ = {isa = PBXBuildFile; fileRef = CC2ACF932C10045B004C040B /* GoogleService-Info.plist */; };
		CC2ACF962C100A7B004C040B /* ProductCategoryViewModel.swift in Sources */ = {isa = PBXBuildFile; fileRef = CC2ACF952C100A7B004C040B /* ProductCategoryViewModel.swift */; };
		CC2ACF982C101026004C040B /* HRCartItem.swift in Sources */ = {isa = PBXBuildFile; fileRef = CC2ACF972C101026004C040B /* HRCartItem.swift */; };
		CC2F47082BC80E6100A4C1FC /* HomeView.swift in Sources */ = {isa = PBXBuildFile; fileRef = CC2F47072BC80E6100A4C1FC /* HomeView.swift */; };
		CC2F470E2BC816BA00A4C1FC /* ImageSliderView.swift in Sources */ = {isa = PBXBuildFile; fileRef = CC2F470D2BC816BA00A4C1FC /* ImageSliderView.swift */; };
		CC2F47102BC81CDB00A4C1FC /* ProductCardView.swift in Sources */ = {isa = PBXBuildFile; fileRef = CC2F470F2BC81CDB00A4C1FC /* ProductCardView.swift */; };
		CC2F47122BC81D6D00A4C1FC /* SearchBarView.swift in Sources */ = {isa = PBXBuildFile; fileRef = CC2F47112BC81D6D00A4C1FC /* SearchBarView.swift */; };
		CC2F47142BC8389B00A4C1FC /* CartViewModel.swift in Sources */ = {isa = PBXBuildFile; fileRef = CC2F47132BC8389B00A4C1FC /* CartViewModel.swift */; };
		CC2F47162BC8CE1900A4C1FC /* CartButton.swift in Sources */ = {isa = PBXBuildFile; fileRef = CC2F47152BC8CE1900A4C1FC /* CartButton.swift */; };
		CC2F47182BC8D5ED00A4C1FC /* CartProductView.swift in Sources */ = {isa = PBXBuildFile; fileRef = CC2F47172BC8D5ED00A4C1FC /* CartProductView.swift */; };
		CC2F471A2BC8D73A00A4C1FC /* CartView.swift in Sources */ = {isa = PBXBuildFile; fileRef = CC2F47192BC8D73A00A4C1FC /* CartView.swift */; };
		CC2F471C2BC8EAF400A4C1FC /* ProductDetailsView.swift in Sources */ = {isa = PBXBuildFile; fileRef = CC2F471B2BC8EAF400A4C1FC /* ProductDetailsView.swift */; };
		CC3CF4DE2C198BE500C8A58D /* SearchView.swift in Sources */ = {isa = PBXBuildFile; fileRef = CC3CF4DD2C198BE500C8A58D /* SearchView.swift */; };
		CC3CF4E02C198DEC00C8A58D /* CityPickerView.swift in Sources */ = {isa = PBXBuildFile; fileRef = CC3CF4DF2C198DEC00C8A58D /* CityPickerView.swift */; };
		CC3CF4E22C1994C400C8A58D /* CityView.swift in Sources */ = {isa = PBXBuildFile; fileRef = CC3CF4E12C1994C400C8A58D /* CityView.swift */; };
		CC3CF4E42C19989200C8A58D /* SearchViewModel.swift in Sources */ = {isa = PBXBuildFile; fileRef = CC3CF4E32C19989200C8A58D /* SearchViewModel.swift */; };
		CC548A3A2C1DA5FC00E98B85 /* HelpView.swift in Sources */ = {isa = PBXBuildFile; fileRef = CC548A392C1DA5FB00E98B85 /* HelpView.swift */; };
		CC548A3C2C1DA60500E98B85 /* RefundView.swift in Sources */ = {isa = PBXBuildFile; fileRef = CC548A3B2C1DA60500E98B85 /* RefundView.swift */; };
		CC548A3E2C1DA61400E98B85 /* TermsView.swift in Sources */ = {isa = PBXBuildFile; fileRef = CC548A3D2C1DA61400E98B85 /* TermsView.swift */; };
		CC548A402C1DA62300E98B85 /* PrivacyView.swift in Sources */ = {isa = PBXBuildFile; fileRef = CC548A3F2C1DA62300E98B85 /* PrivacyView.swift */; };
		CC5DF1F22BCE6A0800061AB3 /* ProductCategoryView.swift in Sources */ = {isa = PBXBuildFile; fileRef = CC5DF1F12BCE6A0800061AB3 /* ProductCategoryView.swift */; };
		CC5DF1F42BCE795300061AB3 /* CategoryCard.swift in Sources */ = {isa = PBXBuildFile; fileRef = CC5DF1F32BCE795300061AB3 /* CategoryCard.swift */; };
		CC69BD2C2C23F68F00491014 /* AIViewModel.swift in Sources */ = {isa = PBXBuildFile; fileRef = CC69BD2B2C23F68F00491014 /* AIViewModel.swift */; };
		CC69BD682C2428B900491014 /* Replicate in Frameworks */ = {isa = PBXBuildFile; productRef = CC69BD672C2428B900491014 /* Replicate */; };
		CC7B07C42C22D0F900627BC5 /* AdminInventoryView.swift in Sources */ = {isa = PBXBuildFile; fileRef = CC7B07C32C22D0F900627BC5 /* AdminInventoryView.swift */; };
		CC7B07C72C22D15A00627BC5 /* AdminInventoryViewModel.swift in Sources */ = {isa = PBXBuildFile; fileRef = CC7B07C62C22D15A00627BC5 /* AdminInventoryViewModel.swift */; };
		CC7B07C92C22D33A00627BC5 /* AdminOrdersView.swift in Sources */ = {isa = PBXBuildFile; fileRef = CC7B07C82C22D33A00627BC5 /* AdminOrdersView.swift */; };
		CC7B07CB2C22D35B00627BC5 /* AdminOrdersViewModel.swift in Sources */ = {isa = PBXBuildFile; fileRef = CC7B07CA2C22D35B00627BC5 /* AdminOrdersViewModel.swift */; };
		CC7B07CD2C22D4E000627BC5 /* ManageProductCategoriesView.swift in Sources */ = {isa = PBXBuildFile; fileRef = CC7B07CC2C22D4E000627BC5 /* ManageProductCategoriesView.swift */; };
		CC7B07CF2C22D59400627BC5 /* HRProductCategory.swift in Sources */ = {isa = PBXBuildFile; fileRef = CC7B07CE2C22D59400627BC5 /* HRProductCategory.swift */; };
		CC7B07D12C22D7F400627BC5 /* ManageProductCategoriesViewModel.swift in Sources */ = {isa = PBXBuildFile; fileRef = CC7B07D02C22D7F400627BC5 /* ManageProductCategoriesViewModel.swift */; };
		CC7B07D32C22DEE300627BC5 /* AddProductCategoriesView.swift in Sources */ = {isa = PBXBuildFile; fileRef = CC7B07D22C22DEE300627BC5 /* AddProductCategoriesView.swift */; };
		CC7B07D52C22DF5900627BC5 /* AddProductCategoriesViewModel.swift in Sources */ = {isa = PBXBuildFile; fileRef = CC7B07D42C22DF5900627BC5 /* AddProductCategoriesViewModel.swift */; };
		CC7B07D82C22E41100627BC5 /* CategoryViewModel.swift in Sources */ = {isa = PBXBuildFile; fileRef = CC7B07D72C22E41100627BC5 /* CategoryViewModel.swift */; };
		CC7B07DA2C22ECE100627BC5 /* ManageAddBannerView.swift in Sources */ = {isa = PBXBuildFile; fileRef = CC7B07D92C22ECE100627BC5 /* ManageAddBannerView.swift */; };
		CC7B07DC2C22ED8E00627BC5 /* AddAddBannerView.swift in Sources */ = {isa = PBXBuildFile; fileRef = CC7B07DB2C22ED8E00627BC5 /* AddAddBannerView.swift */; };
		CC7B07DE2C22EDA900627BC5 /* ManageAddBannerViewModel.swift in Sources */ = {isa = PBXBuildFile; fileRef = CC7B07DD2C22EDA900627BC5 /* ManageAddBannerViewModel.swift */; };
		CC7B07E02C22EDCF00627BC5 /* AddAddBannerViewModel.swift in Sources */ = {isa = PBXBuildFile; fileRef = CC7B07DF2C22EDCF00627BC5 /* AddAddBannerViewModel.swift */; };
		CC7B07E22C22EE3700627BC5 /* HRAddBanner.swift in Sources */ = {isa = PBXBuildFile; fileRef = CC7B07E12C22EE3700627BC5 /* HRAddBanner.swift */; };
		CC82F8982C147FA800D978C8 /* OrderListItemView.swift in Sources */ = {isa = PBXBuildFile; fileRef = CC82F8972C147FA800D978C8 /* OrderListItemView.swift */; };
		CC8D4E962C04B6B10080BC0D /* HomeViewModel.swift in Sources */ = {isa = PBXBuildFile; fileRef = CC8D4E952C04B6B10080BC0D /* HomeViewModel.swift */; };
		CC9257F62BFB88AB0066F94B /* CKUtility.swift in Sources */ = {isa = PBXBuildFile; fileRef = CC9257F52BFB88AB0066F94B /* CKUtility.swift */; };
		CC97AEC62BBE4FCE007BB76C /* AppDelegate.swift in Sources */ = {isa = PBXBuildFile; fileRef = CC97AEC52BBE4FCE007BB76C /* AppDelegate.swift */; };
		CC97AEC82BBE4FCE007BB76C /* CameraView.swift in Sources */ = {isa = PBXBuildFile; fileRef = CC97AEC72BBE4FCE007BB76C /* CameraView.swift */; };
		CC97AECA2BBE4FD0007BB76C /* Assets.xcassets in Resources */ = {isa = PBXBuildFile; fileRef = CC97AEC92BBE4FD0007BB76C /* Assets.xcassets */; };
		CC97AECD2BBE4FD0007BB76C /* Preview Assets.xcassets in Resources */ = {isa = PBXBuildFile; fileRef = CC97AECC2BBE4FD0007BB76C /* Preview Assets.xcassets */; };
		CC97AEE52BBE5BF6007BB76C /* FirebaseAnalytics in Frameworks */ = {isa = PBXBuildFile; productRef = CC97AEE42BBE5BF6007BB76C /* FirebaseAnalytics */; };
		CC97AEE72BBE5BF7007BB76C /* FirebaseAnalyticsOnDeviceConversion in Frameworks */ = {isa = PBXBuildFile; productRef = CC97AEE62BBE5BF7007BB76C /* FirebaseAnalyticsOnDeviceConversion */; };
		CC97AEE92BBE5BF7007BB76C /* FirebaseAnalyticsSwift in Frameworks */ = {isa = PBXBuildFile; productRef = CC97AEE82BBE5BF7007BB76C /* FirebaseAnalyticsSwift */; };
		CC97AEEB2BBE5BF7007BB76C /* FirebaseAnalyticsWithoutAdIdSupport in Frameworks */ = {isa = PBXBuildFile; productRef = CC97AEEA2BBE5BF7007BB76C /* FirebaseAnalyticsWithoutAdIdSupport */; };
		CC97AEED2BBE5BF7007BB76C /* FirebaseAppCheck in Frameworks */ = {isa = PBXBuildFile; productRef = CC97AEEC2BBE5BF7007BB76C /* FirebaseAppCheck */; };
		CC97AEF02BBE5C1D007BB76C /* GoogleSignIn in Frameworks */ = {isa = PBXBuildFile; productRef = CC97AEEF2BBE5C1D007BB76C /* GoogleSignIn */; };
		CC97AEF22BBE5C1D007BB76C /* GoogleSignInSwift in Frameworks */ = {isa = PBXBuildFile; productRef = CC97AEF12BBE5C1D007BB76C /* GoogleSignInSwift */; };
		CC97AEF42BBE5C46007BB76C /* Authentication.swift in Sources */ = {isa = PBXBuildFile; fileRef = CC97AEF32BBE5C46007BB76C /* Authentication.swift */; };
		CC97AEF72BBE5C79007BB76C /* FirebaseAuth in Frameworks */ = {isa = PBXBuildFile; productRef = CC97AEF62BBE5C79007BB76C /* FirebaseAuth */; };
		CC97AEF92BBE5CA7007BB76C /* FirebaseFirestore in Frameworks */ = {isa = PBXBuildFile; productRef = CC97AEF82BBE5CA7007BB76C /* FirebaseFirestore */; };
		CC97AEFB2BBE5CA7007BB76C /* FirebaseFirestoreCombine-Community in Frameworks */ = {isa = PBXBuildFile; productRef = CC97AEFA2BBE5CA7007BB76C /* FirebaseFirestoreCombine-Community */; };
		CC97AEFD2BBE5CA7007BB76C /* FirebaseFirestoreSwift in Frameworks */ = {isa = PBXBuildFile; productRef = CC97AEFC2BBE5CA7007BB76C /* FirebaseFirestoreSwift */; };
		CC97AEFF2BBE5CB4007BB76C /* FirebaseStorage in Frameworks */ = {isa = PBXBuildFile; productRef = CC97AEFE2BBE5CB4007BB76C /* FirebaseStorage */; };
		CC97AF012BBE5CCE007BB76C /* HRUser.swift in Sources */ = {isa = PBXBuildFile; fileRef = CC97AF002BBE5CCE007BB76C /* HRUser.swift */; };
		CC97AF052BBE5DE3007BB76C /* MainView.swift in Sources */ = {isa = PBXBuildFile; fileRef = CC97AF042BBE5DE3007BB76C /* MainView.swift */; };
		CC97AF072BBE5DEA007BB76C /* AuthenticationView.swift in Sources */ = {isa = PBXBuildFile; fileRef = CC97AF062BBE5DEA007BB76C /* AuthenticationView.swift */; };
		CC97AF092BBE5DEF007BB76C /* SignupView.swift in Sources */ = {isa = PBXBuildFile; fileRef = CC97AF082BBE5DEF007BB76C /* SignupView.swift */; };
		CC97AF0E2BBE5E52007BB76C /* HRAuthenticationButton.swift in Sources */ = {isa = PBXBuildFile; fileRef = CC97AF0D2BBE5E52007BB76C /* HRAuthenticationButton.swift */; };
		CC97AF102BBE5F1E007BB76C /* SettingsView.swift in Sources */ = {isa = PBXBuildFile; fileRef = CC97AF0F2BBE5F1E007BB76C /* SettingsView.swift */; };
		CC97AF142BBE7590007BB76C /* redchair.usdz in Resources */ = {isa = PBXBuildFile; fileRef = CC97AF132BBE7590007BB76C /* redchair.usdz */; };
		CC97AF162BBE75C4007BB76C /* retrotv.usdz in Resources */ = {isa = PBXBuildFile; fileRef = CC97AF152BBE75C4007BB76C /* retrotv.usdz */; };
		CC97AF192BBE79A4007BB76C /* FocusEntity in Frameworks */ = {isa = PBXBuildFile; productRef = CC97AF182BBE79A4007BB76C /* FocusEntity */; };
		CC97AF1C2BBE8109007BB76C /* ARPersistence in Frameworks */ = {isa = PBXBuildFile; productRef = CC97AF1B2BBE8109007BB76C /* ARPersistence */; };
		CCA735562C1FDEE800053DDE /* LoginView.swift in Sources */ = {isa = PBXBuildFile; fileRef = CCA735552C1FDEE800053DDE /* LoginView.swift */; };
		CCAC47872C1C0B9E00A8EBF1 /* UPIView.swift in Sources */ = {isa = PBXBuildFile; fileRef = CCAC47862C1C0B9E00A8EBF1 /* UPIView.swift */; };
		CCAC47892C1C0BAC00A8EBF1 /* UPIViewModel.swift in Sources */ = {isa = PBXBuildFile; fileRef = CCAC47882C1C0BAC00A8EBF1 /* UPIViewModel.swift */; };
		CCAC478B2C1C0E8C00A8EBF1 /* UPIListItemModel.swift in Sources */ = {isa = PBXBuildFile; fileRef = CCAC478A2C1C0E8C00A8EBF1 /* UPIListItemModel.swift */; };
		CCAC478D2C1C1A5600A8EBF1 /* UPIListView.swift in Sources */ = {isa = PBXBuildFile; fileRef = CCAC478C2C1C1A5600A8EBF1 /* UPIListView.swift */; };
		CCAC478F2C1C226E00A8EBF1 /* NoUPIAppsInstalledView.swift in Sources */ = {isa = PBXBuildFile; fileRef = CCAC478E2C1C226E00A8EBF1 /* NoUPIAppsInstalledView.swift */; };
		CCC42C232BC03A42004E51F9 /* fender.usdz in Resources */ = {isa = PBXBuildFile; fileRef = CCC42C222BC03A42004E51F9 /* fender.usdz */; };
		CCC42C252BC03A47004E51F9 /* robot.usdz in Resources */ = {isa = PBXBuildFile; fileRef = CCC42C242BC03A47004E51F9 /* robot.usdz */; };
		CCC5B03A2BFBB62F0007BEC1 /* HRProduct.swift in Sources */ = {isa = PBXBuildFile; fileRef = CCC5B0392BFBB62F0007BEC1 /* HRProduct.swift */; };
		CCC5B03C2BFBB6B80007BEC1 /* InventoryProductCardView.swift in Sources */ = {isa = PBXBuildFile; fileRef = CCC5B03B2BFBB6B80007BEC1 /* InventoryProductCardView.swift */; };
		CCC5B03E2BFBB7700007BEC1 /* HRTextField.swift in Sources */ = {isa = PBXBuildFile; fileRef = CCC5B03D2BFBB7700007BEC1 /* HRTextField.swift */; };
		CCC5B0402BFBB8580007BEC1 /* VendorInventoryView.swift in Sources */ = {isa = PBXBuildFile; fileRef = CCC5B03F2BFBB8580007BEC1 /* VendorInventoryView.swift */; };
		CCC5B0422BFBB8700007BEC1 /* VendorInventoryViewModel.swift in Sources */ = {isa = PBXBuildFile; fileRef = CCC5B0412BFBB8700007BEC1 /* VendorInventoryViewModel.swift */; };
		CCC5B0442BFBB9310007BEC1 /* AddProductViewModel.swift in Sources */ = {isa = PBXBuildFile; fileRef = CCC5B0432BFBB9310007BEC1 /* AddProductViewModel.swift */; };
		CCC5B0462BFBB95A0007BEC1 /* AddProductView.swift in Sources */ = {isa = PBXBuildFile; fileRef = CCC5B0452BFBB95A0007BEC1 /* AddProductView.swift */; };
		CCC5B0482BFBB9A80007BEC1 /* InventoryProductDetailView.swift in Sources */ = {isa = PBXBuildFile; fileRef = CCC5B0472BFBB9A80007BEC1 /* InventoryProductDetailView.swift */; };
		CCD3B0032BCA28B5000AFB80 /* TabView.swift in Sources */ = {isa = PBXBuildFile; fileRef = CCD3B0022BCA28B5000AFB80 /* TabView.swift */; };
		CCD3B0052BCA302C000AFB80 /* HRTabItems.swift in Sources */ = {isa = PBXBuildFile; fileRef = CCD3B0042BCA302C000AFB80 /* HRTabItems.swift */; };
		CCD3B0072BCA3440000AFB80 /* AIView.swift in Sources */ = {isa = PBXBuildFile; fileRef = CCD3B0062BCA3440000AFB80 /* AIView.swift */; };
		CCDB49AE2C16D95900F7031B /* OrderHistoryListView.swift in Sources */ = {isa = PBXBuildFile; fileRef = CCDB49AD2C16D95900F7031B /* OrderHistoryListView.swift */; };
		CCDB49B02C16D9AB00F7031B /* OrderHistoryListViewModel.swift in Sources */ = {isa = PBXBuildFile; fileRef = CCDB49AF2C16D9AB00F7031B /* OrderHistoryListViewModel.swift */; };
		CCDB49B22C16DBC300F7031B /* OrderHistoryDetailView.swift in Sources */ = {isa = PBXBuildFile; fileRef = CCDB49B12C16DBC300F7031B /* OrderHistoryDetailView.swift */; };
		CCDB49B62C173BC200F7031B /* EditAddressView.swift in Sources */ = {isa = PBXBuildFile; fileRef = CCDB49B52C173BC200F7031B /* EditAddressView.swift */; };
		CCDED4702C1544CA0063C1D2 /* OrderDetailView.swift in Sources */ = {isa = PBXBuildFile; fileRef = CCDED46F2C1544CA0063C1D2 /* OrderDetailView.swift */; };
		CCDED4722C154E9F0063C1D2 /* OrderDetailViewModel.swift in Sources */ = {isa = PBXBuildFile; fileRef = CCDED4712C154E9F0063C1D2 /* OrderDetailViewModel.swift */; };
		CCDF24C02C12A5DB00353DD1 /* HRCartButton.swift in Sources */ = {isa = PBXBuildFile; fileRef = CCDF24BF2C12A5DB00353DD1 /* HRCartButton.swift */; };
/* End PBXBuildFile section */

/* Begin PBXFileReference section */
		CC0231572BCD47C8007CC053 /* CategoryView.swift */ = {isa = PBXFileReference; lastKnownFileType = sourcecode.swift; path = CategoryView.swift; sourceTree = "<group>"; };
		CC06A95B2C0C07F100A0DAD3 /* EncodableExtension.swift */ = {isa = PBXFileReference; lastKnownFileType = sourcecode.swift; path = EncodableExtension.swift; sourceTree = "<group>"; };
		CC06A95D2C0C080500A0DAD3 /* ColorExtension.swift */ = {isa = PBXFileReference; lastKnownFileType = sourcecode.swift; path = ColorExtension.swift; sourceTree = "<group>"; };
		CC06A95F2C0C082200A0DAD3 /* NumberFormatterExtension.swift */ = {isa = PBXFileReference; lastKnownFileType = sourcecode.swift; path = NumberFormatterExtension.swift; sourceTree = "<group>"; };
		CC06A96E2C0C898D00A0DAD3 /* TextFieldExtension.swift */ = {isa = PBXFileReference; fileEncoding = 4; lastKnownFileType = sourcecode.swift; path = TextFieldExtension.swift; sourceTree = "<group>"; };
		CC06A9722C0C8D5800A0DAD3 /* DoubleExtension.swift */ = {isa = PBXFileReference; fileEncoding = 4; lastKnownFileType = sourcecode.swift; path = DoubleExtension.swift; sourceTree = "<group>"; };
		CC06A9742C0C917E00A0DAD3 /* HRAddProductButton.swift */ = {isa = PBXFileReference; lastKnownFileType = sourcecode.swift; path = HRAddProductButton.swift; sourceTree = "<group>"; };
		CC06A97C2C0C97A100A0DAD3 /* NetworkManager.swift */ = {isa = PBXFileReference; lastKnownFileType = sourcecode.swift; path = NetworkManager.swift; sourceTree = "<group>"; };
		CC06A97E2C0C97F000A0DAD3 /* NoNetworkView.swift */ = {isa = PBXFileReference; lastKnownFileType = sourcecode.swift; path = NoNetworkView.swift; sourceTree = "<group>"; };
		CC1026232C218908003FF6C4 /* Launch Screen.storyboard */ = {isa = PBXFileReference; lastKnownFileType = file.storyboard; path = "Launch Screen.storyboard"; sourceTree = "<group>"; };
		CC1107882C13F0EB00AB9F58 /* HROrder.swift */ = {isa = PBXFileReference; lastKnownFileType = sourcecode.swift; path = HROrder.swift; sourceTree = "<group>"; };
		CC11078A2C14565400AB9F58 /* VendorOrdersView.swift */ = {isa = PBXFileReference; lastKnownFileType = sourcecode.swift; path = VendorOrdersView.swift; sourceTree = "<group>"; };
		CC11078C2C1456F200AB9F58 /* VendorOrdersViewModel.swift */ = {isa = PBXFileReference; lastKnownFileType = sourcecode.swift; path = VendorOrdersViewModel.swift; sourceTree = "<group>"; };
		CC2ACF932C10045B004C040B /* GoogleService-Info.plist */ = {isa = PBXFileReference; fileEncoding = 4; lastKnownFileType = text.plist.xml; path = "GoogleService-Info.plist"; sourceTree = "<group>"; };
		CC2ACF952C100A7B004C040B /* ProductCategoryViewModel.swift */ = {isa = PBXFileReference; lastKnownFileType = sourcecode.swift; path = ProductCategoryViewModel.swift; sourceTree = "<group>"; };
		CC2ACF972C101026004C040B /* HRCartItem.swift */ = {isa = PBXFileReference; lastKnownFileType = sourcecode.swift; path = HRCartItem.swift; sourceTree = "<group>"; };
		CC2F47072BC80E6100A4C1FC /* HomeView.swift */ = {isa = PBXFileReference; lastKnownFileType = sourcecode.swift; path = HomeView.swift; sourceTree = "<group>"; };
		CC2F470D2BC816BA00A4C1FC /* ImageSliderView.swift */ = {isa = PBXFileReference; lastKnownFileType = sourcecode.swift; path = ImageSliderView.swift; sourceTree = "<group>"; };
		CC2F470F2BC81CDB00A4C1FC /* ProductCardView.swift */ = {isa = PBXFileReference; lastKnownFileType = sourcecode.swift; path = ProductCardView.swift; sourceTree = "<group>"; };
		CC2F47112BC81D6D00A4C1FC /* SearchBarView.swift */ = {isa = PBXFileReference; lastKnownFileType = sourcecode.swift; path = SearchBarView.swift; sourceTree = "<group>"; };
		CC2F47132BC8389B00A4C1FC /* CartViewModel.swift */ = {isa = PBXFileReference; lastKnownFileType = sourcecode.swift; path = CartViewModel.swift; sourceTree = "<group>"; };
		CC2F47152BC8CE1900A4C1FC /* CartButton.swift */ = {isa = PBXFileReference; lastKnownFileType = sourcecode.swift; path = CartButton.swift; sourceTree = "<group>"; };
		CC2F47172BC8D5ED00A4C1FC /* CartProductView.swift */ = {isa = PBXFileReference; lastKnownFileType = sourcecode.swift; path = CartProductView.swift; sourceTree = "<group>"; };
		CC2F47192BC8D73A00A4C1FC /* CartView.swift */ = {isa = PBXFileReference; lastKnownFileType = sourcecode.swift; path = CartView.swift; sourceTree = "<group>"; };
		CC2F471B2BC8EAF400A4C1FC /* ProductDetailsView.swift */ = {isa = PBXFileReference; lastKnownFileType = sourcecode.swift; path = ProductDetailsView.swift; sourceTree = "<group>"; };
		CC3CF4DD2C198BE500C8A58D /* SearchView.swift */ = {isa = PBXFileReference; lastKnownFileType = sourcecode.swift; path = SearchView.swift; sourceTree = "<group>"; };
		CC3CF4DF2C198DEC00C8A58D /* CityPickerView.swift */ = {isa = PBXFileReference; lastKnownFileType = sourcecode.swift; path = CityPickerView.swift; sourceTree = "<group>"; };
		CC3CF4E12C1994C400C8A58D /* CityView.swift */ = {isa = PBXFileReference; lastKnownFileType = sourcecode.swift; path = CityView.swift; sourceTree = "<group>"; };
		CC3CF4E32C19989200C8A58D /* SearchViewModel.swift */ = {isa = PBXFileReference; lastKnownFileType = sourcecode.swift; path = SearchViewModel.swift; sourceTree = "<group>"; };
		CC548A392C1DA5FB00E98B85 /* HelpView.swift */ = {isa = PBXFileReference; lastKnownFileType = sourcecode.swift; path = HelpView.swift; sourceTree = "<group>"; };
		CC548A3B2C1DA60500E98B85 /* RefundView.swift */ = {isa = PBXFileReference; lastKnownFileType = sourcecode.swift; path = RefundView.swift; sourceTree = "<group>"; };
		CC548A3D2C1DA61400E98B85 /* TermsView.swift */ = {isa = PBXFileReference; lastKnownFileType = sourcecode.swift; path = TermsView.swift; sourceTree = "<group>"; };
		CC548A3F2C1DA62300E98B85 /* PrivacyView.swift */ = {isa = PBXFileReference; lastKnownFileType = sourcecode.swift; path = PrivacyView.swift; sourceTree = "<group>"; };
		CC5DF1F12BCE6A0800061AB3 /* ProductCategoryView.swift */ = {isa = PBXFileReference; lastKnownFileType = sourcecode.swift; path = ProductCategoryView.swift; sourceTree = "<group>"; };
		CC5DF1F32BCE795300061AB3 /* CategoryCard.swift */ = {isa = PBXFileReference; lastKnownFileType = sourcecode.swift; path = CategoryCard.swift; sourceTree = "<group>"; };
		CC69BD2B2C23F68F00491014 /* AIViewModel.swift */ = {isa = PBXFileReference; lastKnownFileType = sourcecode.swift; path = AIViewModel.swift; sourceTree = "<group>"; };
		CC7B07C32C22D0F900627BC5 /* AdminInventoryView.swift */ = {isa = PBXFileReference; lastKnownFileType = sourcecode.swift; path = AdminInventoryView.swift; sourceTree = "<group>"; };
		CC7B07C62C22D15A00627BC5 /* AdminInventoryViewModel.swift */ = {isa = PBXFileReference; lastKnownFileType = sourcecode.swift; path = AdminInventoryViewModel.swift; sourceTree = "<group>"; };
		CC7B07C82C22D33A00627BC5 /* AdminOrdersView.swift */ = {isa = PBXFileReference; lastKnownFileType = sourcecode.swift; path = AdminOrdersView.swift; sourceTree = "<group>"; };
		CC7B07CA2C22D35B00627BC5 /* AdminOrdersViewModel.swift */ = {isa = PBXFileReference; lastKnownFileType = sourcecode.swift; path = AdminOrdersViewModel.swift; sourceTree = "<group>"; };
		CC7B07CC2C22D4E000627BC5 /* ManageProductCategoriesView.swift */ = {isa = PBXFileReference; lastKnownFileType = sourcecode.swift; path = ManageProductCategoriesView.swift; sourceTree = "<group>"; };
		CC7B07CE2C22D59400627BC5 /* HRProductCategory.swift */ = {isa = PBXFileReference; lastKnownFileType = sourcecode.swift; path = HRProductCategory.swift; sourceTree = "<group>"; };
		CC7B07D02C22D7F400627BC5 /* ManageProductCategoriesViewModel.swift */ = {isa = PBXFileReference; lastKnownFileType = sourcecode.swift; path = ManageProductCategoriesViewModel.swift; sourceTree = "<group>"; };
		CC7B07D22C22DEE300627BC5 /* AddProductCategoriesView.swift */ = {isa = PBXFileReference; lastKnownFileType = sourcecode.swift; path = AddProductCategoriesView.swift; sourceTree = "<group>"; };
		CC7B07D42C22DF5900627BC5 /* AddProductCategoriesViewModel.swift */ = {isa = PBXFileReference; lastKnownFileType = sourcecode.swift; path = AddProductCategoriesViewModel.swift; sourceTree = "<group>"; };
		CC7B07D72C22E41100627BC5 /* CategoryViewModel.swift */ = {isa = PBXFileReference; lastKnownFileType = sourcecode.swift; path = CategoryViewModel.swift; sourceTree = "<group>"; };
		CC7B07D92C22ECE100627BC5 /* ManageAddBannerView.swift */ = {isa = PBXFileReference; lastKnownFileType = sourcecode.swift; path = ManageAddBannerView.swift; sourceTree = "<group>"; };
		CC7B07DB2C22ED8E00627BC5 /* AddAddBannerView.swift */ = {isa = PBXFileReference; lastKnownFileType = sourcecode.swift; path = AddAddBannerView.swift; sourceTree = "<group>"; };
		CC7B07DD2C22EDA900627BC5 /* ManageAddBannerViewModel.swift */ = {isa = PBXFileReference; lastKnownFileType = sourcecode.swift; path = ManageAddBannerViewModel.swift; sourceTree = "<group>"; };
		CC7B07DF2C22EDCF00627BC5 /* AddAddBannerViewModel.swift */ = {isa = PBXFileReference; lastKnownFileType = sourcecode.swift; path = AddAddBannerViewModel.swift; sourceTree = "<group>"; };
		CC7B07E12C22EE3700627BC5 /* HRAddBanner.swift */ = {isa = PBXFileReference; lastKnownFileType = sourcecode.swift; path = HRAddBanner.swift; sourceTree = "<group>"; };
		CC82F8972C147FA800D978C8 /* OrderListItemView.swift */ = {isa = PBXFileReference; lastKnownFileType = sourcecode.swift; path = OrderListItemView.swift; sourceTree = "<group>"; };
		CC8D4E952C04B6B10080BC0D /* HomeViewModel.swift */ = {isa = PBXFileReference; lastKnownFileType = sourcecode.swift; path = HomeViewModel.swift; sourceTree = "<group>"; };
		CC9257F52BFB88AB0066F94B /* CKUtility.swift */ = {isa = PBXFileReference; fileEncoding = 4; lastKnownFileType = sourcecode.swift; path = CKUtility.swift; sourceTree = "<group>"; };
		CC97AEC22BBE4FCE007BB76C /* HouseRizz-iOS.app */ = {isa = PBXFileReference; explicitFileType = wrapper.application; includeInIndex = 0; path = "HouseRizz-iOS.app"; sourceTree = BUILT_PRODUCTS_DIR; };
		CC97AEC52BBE4FCE007BB76C /* AppDelegate.swift */ = {isa = PBXFileReference; lastKnownFileType = sourcecode.swift; path = AppDelegate.swift; sourceTree = "<group>"; };
		CC97AEC72BBE4FCE007BB76C /* CameraView.swift */ = {isa = PBXFileReference; lastKnownFileType = sourcecode.swift; path = CameraView.swift; sourceTree = "<group>"; };
		CC97AEC92BBE4FD0007BB76C /* Assets.xcassets */ = {isa = PBXFileReference; lastKnownFileType = folder.assetcatalog; path = Assets.xcassets; sourceTree = "<group>"; };
		CC97AECC2BBE4FD0007BB76C /* Preview Assets.xcassets */ = {isa = PBXFileReference; lastKnownFileType = folder.assetcatalog; path = "Preview Assets.xcassets"; sourceTree = "<group>"; };
		CC97AEF32BBE5C46007BB76C /* Authentication.swift */ = {isa = PBXFileReference; fileEncoding = 4; lastKnownFileType = sourcecode.swift; path = Authentication.swift; sourceTree = "<group>"; };
		CC97AF002BBE5CCE007BB76C /* HRUser.swift */ = {isa = PBXFileReference; fileEncoding = 4; lastKnownFileType = sourcecode.swift; path = HRUser.swift; sourceTree = "<group>"; };
		CC97AF042BBE5DE3007BB76C /* MainView.swift */ = {isa = PBXFileReference; fileEncoding = 4; lastKnownFileType = sourcecode.swift; path = MainView.swift; sourceTree = "<group>"; };
		CC97AF062BBE5DEA007BB76C /* AuthenticationView.swift */ = {isa = PBXFileReference; fileEncoding = 4; lastKnownFileType = sourcecode.swift; path = AuthenticationView.swift; sourceTree = "<group>"; };
		CC97AF082BBE5DEF007BB76C /* SignupView.swift */ = {isa = PBXFileReference; fileEncoding = 4; lastKnownFileType = sourcecode.swift; path = SignupView.swift; sourceTree = "<group>"; };
		CC97AF0C2BBE5E29007BB76C /* Info.plist */ = {isa = PBXFileReference; lastKnownFileType = text.plist; path = Info.plist; sourceTree = "<group>"; };
		CC97AF0D2BBE5E52007BB76C /* HRAuthenticationButton.swift */ = {isa = PBXFileReference; fileEncoding = 4; lastKnownFileType = sourcecode.swift; path = HRAuthenticationButton.swift; sourceTree = "<group>"; };
		CC97AF0F2BBE5F1E007BB76C /* SettingsView.swift */ = {isa = PBXFileReference; fileEncoding = 4; lastKnownFileType = sourcecode.swift; path = SettingsView.swift; sourceTree = "<group>"; };
		CC97AF132BBE7590007BB76C /* redchair.usdz */ = {isa = PBXFileReference; lastKnownFileType = file.usdz; path = redchair.usdz; sourceTree = "<group>"; };
		CC97AF152BBE75C4007BB76C /* retrotv.usdz */ = {isa = PBXFileReference; lastKnownFileType = file.usdz; path = retrotv.usdz; sourceTree = "<group>"; };
		CCA735552C1FDEE800053DDE /* LoginView.swift */ = {isa = PBXFileReference; lastKnownFileType = sourcecode.swift; path = LoginView.swift; sourceTree = "<group>"; };
		CCAC47862C1C0B9E00A8EBF1 /* UPIView.swift */ = {isa = PBXFileReference; lastKnownFileType = sourcecode.swift; path = UPIView.swift; sourceTree = "<group>"; };
		CCAC47882C1C0BAC00A8EBF1 /* UPIViewModel.swift */ = {isa = PBXFileReference; lastKnownFileType = sourcecode.swift; path = UPIViewModel.swift; sourceTree = "<group>"; };
		CCAC478A2C1C0E8C00A8EBF1 /* UPIListItemModel.swift */ = {isa = PBXFileReference; lastKnownFileType = sourcecode.swift; path = UPIListItemModel.swift; sourceTree = "<group>"; };
		CCAC478C2C1C1A5600A8EBF1 /* UPIListView.swift */ = {isa = PBXFileReference; lastKnownFileType = sourcecode.swift; path = UPIListView.swift; sourceTree = "<group>"; };
		CCAC478E2C1C226E00A8EBF1 /* NoUPIAppsInstalledView.swift */ = {isa = PBXFileReference; lastKnownFileType = sourcecode.swift; path = NoUPIAppsInstalledView.swift; sourceTree = "<group>"; };
		CCC42C222BC03A42004E51F9 /* fender.usdz */ = {isa = PBXFileReference; lastKnownFileType = file.usdz; path = fender.usdz; sourceTree = "<group>"; };
		CCC42C242BC03A47004E51F9 /* robot.usdz */ = {isa = PBXFileReference; lastKnownFileType = file.usdz; path = robot.usdz; sourceTree = "<group>"; };
		CCC5B0392BFBB62F0007BEC1 /* HRProduct.swift */ = {isa = PBXFileReference; lastKnownFileType = sourcecode.swift; path = HRProduct.swift; sourceTree = "<group>"; };
		CCC5B03B2BFBB6B80007BEC1 /* InventoryProductCardView.swift */ = {isa = PBXFileReference; lastKnownFileType = sourcecode.swift; path = InventoryProductCardView.swift; sourceTree = "<group>"; };
		CCC5B03D2BFBB7700007BEC1 /* HRTextField.swift */ = {isa = PBXFileReference; lastKnownFileType = sourcecode.swift; path = HRTextField.swift; sourceTree = "<group>"; };
		CCC5B03F2BFBB8580007BEC1 /* VendorInventoryView.swift */ = {isa = PBXFileReference; lastKnownFileType = sourcecode.swift; path = VendorInventoryView.swift; sourceTree = "<group>"; };
		CCC5B0412BFBB8700007BEC1 /* VendorInventoryViewModel.swift */ = {isa = PBXFileReference; lastKnownFileType = sourcecode.swift; path = VendorInventoryViewModel.swift; sourceTree = "<group>"; };
		CCC5B0432BFBB9310007BEC1 /* AddProductViewModel.swift */ = {isa = PBXFileReference; lastKnownFileType = sourcecode.swift; path = AddProductViewModel.swift; sourceTree = "<group>"; };
		CCC5B0452BFBB95A0007BEC1 /* AddProductView.swift */ = {isa = PBXFileReference; lastKnownFileType = sourcecode.swift; path = AddProductView.swift; sourceTree = "<group>"; };
		CCC5B0472BFBB9A80007BEC1 /* InventoryProductDetailView.swift */ = {isa = PBXFileReference; lastKnownFileType = sourcecode.swift; path = InventoryProductDetailView.swift; sourceTree = "<group>"; };
		CCCBC6362BD182BA00D0FCEA /* HouseRizz-iOS.entitlements */ = {isa = PBXFileReference; lastKnownFileType = text.plist.entitlements; path = "HouseRizz-iOS.entitlements"; sourceTree = "<group>"; };
		CCD3B0022BCA28B5000AFB80 /* TabView.swift */ = {isa = PBXFileReference; lastKnownFileType = sourcecode.swift; path = TabView.swift; sourceTree = "<group>"; };
		CCD3B0042BCA302C000AFB80 /* HRTabItems.swift */ = {isa = PBXFileReference; lastKnownFileType = sourcecode.swift; path = HRTabItems.swift; sourceTree = "<group>"; };
		CCD3B0062BCA3440000AFB80 /* AIView.swift */ = {isa = PBXFileReference; lastKnownFileType = sourcecode.swift; path = AIView.swift; sourceTree = "<group>"; };
		CCDB49AD2C16D95900F7031B /* OrderHistoryListView.swift */ = {isa = PBXFileReference; lastKnownFileType = sourcecode.swift; path = OrderHistoryListView.swift; sourceTree = "<group>"; };
		CCDB49AF2C16D9AB00F7031B /* OrderHistoryListViewModel.swift */ = {isa = PBXFileReference; lastKnownFileType = sourcecode.swift; path = OrderHistoryListViewModel.swift; sourceTree = "<group>"; };
		CCDB49B12C16DBC300F7031B /* OrderHistoryDetailView.swift */ = {isa = PBXFileReference; lastKnownFileType = sourcecode.swift; path = OrderHistoryDetailView.swift; sourceTree = "<group>"; };
		CCDB49B52C173BC200F7031B /* EditAddressView.swift */ = {isa = PBXFileReference; lastKnownFileType = sourcecode.swift; path = EditAddressView.swift; sourceTree = "<group>"; };
		CCDED46F2C1544CA0063C1D2 /* OrderDetailView.swift */ = {isa = PBXFileReference; lastKnownFileType = sourcecode.swift; path = OrderDetailView.swift; sourceTree = "<group>"; };
		CCDED4712C154E9F0063C1D2 /* OrderDetailViewModel.swift */ = {isa = PBXFileReference; lastKnownFileType = sourcecode.swift; path = OrderDetailViewModel.swift; sourceTree = "<group>"; };
		CCDF24BF2C12A5DB00353DD1 /* HRCartButton.swift */ = {isa = PBXFileReference; lastKnownFileType = sourcecode.swift; path = HRCartButton.swift; sourceTree = "<group>"; };
/* End PBXFileReference section */

/* Begin PBXFrameworksBuildPhase section */
		CC97AEBF2BBE4FCE007BB76C /* Frameworks */ = {
			isa = PBXFrameworksBuildPhase;
			buildActionMask = 2147483647;
			files = (
				CC97AF192BBE79A4007BB76C /* FocusEntity in Frameworks */,
				CC97AEE92BBE5BF7007BB76C /* FirebaseAnalyticsSwift in Frameworks */,
				CC69BD682C2428B900491014 /* Replicate in Frameworks */,
				CC97AEE52BBE5BF6007BB76C /* FirebaseAnalytics in Frameworks */,
				CC97AF1C2BBE8109007BB76C /* ARPersistence in Frameworks */,
				CC97AEF22BBE5C1D007BB76C /* GoogleSignInSwift in Frameworks */,
				CC97AEFB2BBE5CA7007BB76C /* FirebaseFirestoreCombine-Community in Frameworks */,
				CC97AEE72BBE5BF7007BB76C /* FirebaseAnalyticsOnDeviceConversion in Frameworks */,
				CC97AEFF2BBE5CB4007BB76C /* FirebaseStorage in Frameworks */,
				CC97AEFD2BBE5CA7007BB76C /* FirebaseFirestoreSwift in Frameworks */,
				CC97AEED2BBE5BF7007BB76C /* FirebaseAppCheck in Frameworks */,
				CC97AEF92BBE5CA7007BB76C /* FirebaseFirestore in Frameworks */,
				CC97AEEB2BBE5BF7007BB76C /* FirebaseAnalyticsWithoutAdIdSupport in Frameworks */,
				CC97AEF02BBE5C1D007BB76C /* GoogleSignIn in Frameworks */,
				CC97AEF72BBE5C79007BB76C /* FirebaseAuth in Frameworks */,
			);
			runOnlyForDeploymentPostprocessing = 0;
		};
/* End PBXFrameworksBuildPhase section */

/* Begin PBXGroup section */
		CC06A9502C0C070000A0DAD3 /* Cart */ = {
			isa = PBXGroup;
			children = (
				CC2F47152BC8CE1900A4C1FC /* CartButton.swift */,
				CC2F47172BC8D5ED00A4C1FC /* CartProductView.swift */,
				CCAC478C2C1C1A5600A8EBF1 /* UPIListView.swift */,
				CCAC478E2C1C226E00A8EBF1 /* NoUPIAppsInstalledView.swift */,
			);
			path = Cart;
			sourceTree = "<group>";
		};
		CC06A9542C0C074200A0DAD3 /* Button */ = {
			isa = PBXGroup;
			children = (
				CC97AF0D2BBE5E52007BB76C /* HRAuthenticationButton.swift */,
				CC06A9742C0C917E00A0DAD3 /* HRAddProductButton.swift */,
				CCDF24BF2C12A5DB00353DD1 /* HRCartButton.swift */,
			);
			path = Button;
			sourceTree = "<group>";
		};
		CC06A9552C0C078C00A0DAD3 /* TextField */ = {
			isa = PBXGroup;
			children = (
				CCC5B03D2BFBB7700007BEC1 /* HRTextField.swift */,
			);
			path = TextField;
			sourceTree = "<group>";
		};
		CC06A9562C0C07A100A0DAD3 /* HomePage */ = {
			isa = PBXGroup;
			children = (
				CC2F470D2BC816BA00A4C1FC /* ImageSliderView.swift */,
				CC2F47112BC81D6D00A4C1FC /* SearchBarView.swift */,
				CC2F470F2BC81CDB00A4C1FC /* ProductCardView.swift */,
			);
			path = HomePage;
			sourceTree = "<group>";
		};
		CC06A9572C0C07B800A0DAD3 /* Vendor */ = {
			isa = PBXGroup;
			children = (
				CC06A9552C0C078C00A0DAD3 /* TextField */,
				CCC5B03B2BFBB6B80007BEC1 /* InventoryProductCardView.swift */,
				CC82F8972C147FA800D978C8 /* OrderListItemView.swift */,
			);
			path = Vendor;
			sourceTree = "<group>";
		};
		CC06A9582C0C07C100A0DAD3 /* CategoryPage */ = {
			isa = PBXGroup;
			children = (
				CC5DF1F32BCE795300061AB3 /* CategoryCard.swift */,
			);
			path = CategoryPage;
			sourceTree = "<group>";
		};
		CC06A9592C0C07D200A0DAD3 /* CloudKit */ = {
			isa = PBXGroup;
			children = (
				CC9257F52BFB88AB0066F94B /* CKUtility.swift */,
			);
			path = CloudKit;
			sourceTree = "<group>";
		};
		CC06A95A2C0C07DD00A0DAD3 /* Extensions */ = {
			isa = PBXGroup;
			children = (
				CC06A95B2C0C07F100A0DAD3 /* EncodableExtension.swift */,
				CC06A96E2C0C898D00A0DAD3 /* TextFieldExtension.swift */,
				CC06A9722C0C8D5800A0DAD3 /* DoubleExtension.swift */,
				CC06A95D2C0C080500A0DAD3 /* ColorExtension.swift */,
				CC06A95F2C0C082200A0DAD3 /* NumberFormatterExtension.swift */,
			);
			path = Extensions;
			sourceTree = "<group>";
		};
		CC06A9612C0C086100A0DAD3 /* Authentication */ = {
			isa = PBXGroup;
			children = (
				CC97AF082BBE5DEF007BB76C /* SignupView.swift */,
				CC97AF062BBE5DEA007BB76C /* AuthenticationView.swift */,
				CCA735552C1FDEE800053DDE /* LoginView.swift */,
			);
			path = Authentication;
			sourceTree = "<group>";
		};
		CC06A9622C0C088900A0DAD3 /* Settings */ = {
			isa = PBXGroup;
			children = (
				CC7B07BE2C22CF8900627BC5 /* Common */,
				CC7B07BD2C22CF7000627BC5 /* Buyer */,
				CC06A9632C0C08A200A0DAD3 /* Vendor */,
				CC7B07BC2C22CF0A00627BC5 /* Admin */,
			);
			path = Settings;
			sourceTree = "<group>";
		};
		CC06A9632C0C08A200A0DAD3 /* Vendor */ = {
			isa = PBXGroup;
			children = (
				CC8C427E2C2035A000C05061 /* Orders */,
				CC8C427D2C20359900C05061 /* Inventory */,
			);
			path = Vendor;
			sourceTree = "<group>";
		};
		CC06A9672C0C09E500A0DAD3 /* CategoryPage */ = {
			isa = PBXGroup;
			children = (
				CC0231572BCD47C8007CC053 /* CategoryView.swift */,
				CC5DF1F12BCE6A0800061AB3 /* ProductCategoryView.swift */,
			);
			path = CategoryPage;
			sourceTree = "<group>";
		};
		CC06A9682C0C0A0300A0DAD3 /* HomePage */ = {
			isa = PBXGroup;
			children = (
				CC3CF4DD2C198BE500C8A58D /* SearchView.swift */,
				CC2F47072BC80E6100A4C1FC /* HomeView.swift */,
			);
			path = HomePage;
			sourceTree = "<group>";
		};
		CC06A9692C0C0A0A00A0DAD3 /* ARPage */ = {
			isa = PBXGroup;
			children = (
				CC97AEC72BBE4FCE007BB76C /* CameraView.swift */,
			);
			path = ARPage;
			sourceTree = "<group>";
		};
		CC06A96A2C0C0A1300A0DAD3 /* AIPage */ = {
			isa = PBXGroup;
			children = (
				CCD3B0062BCA3440000AFB80 /* AIView.swift */,
			);
			path = AIPage;
			sourceTree = "<group>";
		};
		CC06A96B2C0C0A5A00A0DAD3 /* Common */ = {
			isa = PBXGroup;
			children = (
				CC7B07BF2C22CFE900627BC5 /* Cart */,
				CC2F471B2BC8EAF400A4C1FC /* ProductDetailsView.swift */,
				CC3CF4DF2C198DEC00C8A58D /* CityPickerView.swift */,
			);
			path = Common;
			sourceTree = "<group>";
		};
		CC06A96C2C0C0AE600A0DAD3 /* Vendor */ = {
			isa = PBXGroup;
			children = (
				CC8C42772C2031FA00C05061 /* Inventory */,
				CC8C42762C2031F300C05061 /* Orders */,
			);
			path = Vendor;
			sourceTree = "<group>";
		};
		CC06A9782C0C976100A0DAD3 /* Manager */ = {
			isa = PBXGroup;
			children = (
				CC06A97C2C0C97A100A0DAD3 /* NetworkManager.swift */,
			);
			path = Manager;
			sourceTree = "<group>";
		};
		CC06A9792C0C976700A0DAD3 /* ObservableObject */ = {
			isa = PBXGroup;
			children = (
				CC06A9782C0C976100A0DAD3 /* Manager */,
				CC3D289C2BC4005100C1E119 /* ViewModel */,
			);
			path = ObservableObject;
			sourceTree = "<group>";
		};
		CC3D289B2BC4004A00C1E119 /* Model */ = {
			isa = PBXGroup;
			children = (
				CC97AF002BBE5CCE007BB76C /* HRUser.swift */,
				CCD3B0042BCA302C000AFB80 /* HRTabItems.swift */,
				CCC5B0392BFBB62F0007BEC1 /* HRProduct.swift */,
				CC2ACF972C101026004C040B /* HRCartItem.swift */,
				CC1107882C13F0EB00AB9F58 /* HROrder.swift */,
				CCAC478A2C1C0E8C00A8EBF1 /* UPIListItemModel.swift */,
				CC7B07CE2C22D59400627BC5 /* HRProductCategory.swift */,
				CC7B07E12C22EE3700627BC5 /* HRAddBanner.swift */,
			);
			path = Model;
			sourceTree = "<group>";
		};
		CC3D289C2BC4005100C1E119 /* ViewModel */ = {
			isa = PBXGroup;
			children = (
				CC69BD2A2C23F68200491014 /* AI */,
				CC7B07D62C22E40400627BC5 /* Category */,
				CC7B07C22C22D06200627BC5 /* Authentication */,
				CC8C42752C2031E600C05061 /* Products */,
				CC8C42742C2031BF00C05061 /* Settings */,
				CC8C42732C2031B200C05061 /* Home */,
				CC8C42722C2031A100C05061 /* Cart */,
			);
			path = ViewModel;
			sourceTree = "<group>";
		};
		CC3D289D2BC4005900C1E119 /* View */ = {
			isa = PBXGroup;
			children = (
				CC06A96B2C0C0A5A00A0DAD3 /* Common */,
				CC06A9682C0C0A0300A0DAD3 /* HomePage */,
				CC06A9672C0C09E500A0DAD3 /* CategoryPage */,
				CC06A9692C0C0A0A00A0DAD3 /* ARPage */,
				CC06A96A2C0C0A1300A0DAD3 /* AIPage */,
				CC06A9622C0C088900A0DAD3 /* Settings */,
				CC06A9612C0C086100A0DAD3 /* Authentication */,
				CC8C42782C2034C700C05061 /* Main */,
			);
			path = View;
			sourceTree = "<group>";
		};
		CC3D289E2BC4005F00C1E119 /* Utilities */ = {
			isa = PBXGroup;
			children = (
				CC3D289F2BC4006700C1E119 /* Components */,
				CC06A95A2C0C07DD00A0DAD3 /* Extensions */,
				CC06A9592C0C07D200A0DAD3 /* CloudKit */,
			);
			path = Utilities;
			sourceTree = "<group>";
		};
		CC3D289F2BC4006700C1E119 /* Components */ = {
			isa = PBXGroup;
			children = (
				CC8C427A2C20355800C05061 /* Common */,
				CC8C42792C20353900C05061 /* Buyer */,
				CC06A9572C0C07B800A0DAD3 /* Vendor */,
			);
			path = Components;
			sourceTree = "<group>";
		};
		CC3D28A02BC4009000C1E119 /* Support */ = {
			isa = PBXGroup;
			children = (
				CC97AEC52BBE4FCE007BB76C /* AppDelegate.swift */,
				CC97AEC92BBE4FD0007BB76C /* Assets.xcassets */,
				CC2ACF932C10045B004C040B /* GoogleService-Info.plist */,
			);
			path = Support;
			sourceTree = "<group>";
		};
		CC548A382C1DA58D00E98B85 /* About */ = {
			isa = PBXGroup;
			children = (
				CC548A392C1DA5FB00E98B85 /* HelpView.swift */,
				CC548A3B2C1DA60500E98B85 /* RefundView.swift */,
				CC548A3D2C1DA61400E98B85 /* TermsView.swift */,
				CC548A3F2C1DA62300E98B85 /* PrivacyView.swift */,
			);
			path = About;
			sourceTree = "<group>";
		};
		CC69BD2A2C23F68200491014 /* AI */ = {
			isa = PBXGroup;
			children = (
				CC69BD2B2C23F68F00491014 /* AIViewModel.swift */,
			);
			path = AI;
			sourceTree = "<group>";
		};
		CC7B07BC2C22CF0A00627BC5 /* Admin */ = {
			isa = PBXGroup;
			children = (
				CC7B07C32C22D0F900627BC5 /* AdminInventoryView.swift */,
				CC7B07C82C22D33A00627BC5 /* AdminOrdersView.swift */,
				CC7B07CC2C22D4E000627BC5 /* ManageProductCategoriesView.swift */,
				CC7B07D22C22DEE300627BC5 /* AddProductCategoriesView.swift */,
				CC7B07D92C22ECE100627BC5 /* ManageAddBannerView.swift */,
				CC7B07DB2C22ED8E00627BC5 /* AddAddBannerView.swift */,
			);
			path = Admin;
			sourceTree = "<group>";
		};
		CC7B07BD2C22CF7000627BC5 /* Buyer */ = {
			isa = PBXGroup;
			children = (
				CCDB49AC2C16D93E00F7031B /* Orders */,
			);
			path = Buyer;
			sourceTree = "<group>";
		};
		CC7B07BE2C22CF8900627BC5 /* Common */ = {
			isa = PBXGroup;
			children = (
				CC97AF0F2BBE5F1E007BB76C /* SettingsView.swift */,
				CCDB49B52C173BC200F7031B /* EditAddressView.swift */,
				CC548A382C1DA58D00E98B85 /* About */,
			);
			path = Common;
			sourceTree = "<group>";
		};
		CC7B07BF2C22CFE900627BC5 /* Cart */ = {
			isa = PBXGroup;
			children = (
				CC2F47192BC8D73A00A4C1FC /* CartView.swift */,
				CCAC47862C1C0B9E00A8EBF1 /* UPIView.swift */,
			);
			path = Cart;
			sourceTree = "<group>";
		};
		CC7B07C02C22D02800627BC5 /* Buyer */ = {
			isa = PBXGroup;
			children = (
				CCDB49AF2C16D9AB00F7031B /* OrderHistoryListViewModel.swift */,
			);
			path = Buyer;
			sourceTree = "<group>";
		};
		CC7B07C22C22D06200627BC5 /* Authentication */ = {
			isa = PBXGroup;
			children = (
				CC97AEF32BBE5C46007BB76C /* Authentication.swift */,
			);
			path = Authentication;
			sourceTree = "<group>";
		};
		CC7B07C52C22D14400627BC5 /* Admin */ = {
			isa = PBXGroup;
			children = (
				CC7B07C62C22D15A00627BC5 /* AdminInventoryViewModel.swift */,
				CC7B07CA2C22D35B00627BC5 /* AdminOrdersViewModel.swift */,
				CC7B07D02C22D7F400627BC5 /* ManageProductCategoriesViewModel.swift */,
				CC7B07D42C22DF5900627BC5 /* AddProductCategoriesViewModel.swift */,
				CC7B07DD2C22EDA900627BC5 /* ManageAddBannerViewModel.swift */,
				CC7B07DF2C22EDCF00627BC5 /* AddAddBannerViewModel.swift */,
			);
			path = Admin;
			sourceTree = "<group>";
		};
		CC7B07D62C22E40400627BC5 /* Category */ = {
			isa = PBXGroup;
			children = (
				CC7B07D72C22E41100627BC5 /* CategoryViewModel.swift */,
			);
			path = Category;
			sourceTree = "<group>";
		};
		CC8C42722C2031A100C05061 /* Cart */ = {
			isa = PBXGroup;
			children = (
				CC2F47132BC8389B00A4C1FC /* CartViewModel.swift */,
				CCAC47882C1C0BAC00A8EBF1 /* UPIViewModel.swift */,
			);
			path = Cart;
			sourceTree = "<group>";
		};
		CC8C42732C2031B200C05061 /* Home */ = {
			isa = PBXGroup;
			children = (
				CC3CF4E32C19989200C8A58D /* SearchViewModel.swift */,
				CC8D4E952C04B6B10080BC0D /* HomeViewModel.swift */,
			);
			path = Home;
			sourceTree = "<group>";
		};
		CC8C42742C2031BF00C05061 /* Settings */ = {
			isa = PBXGroup;
			children = (
				CC7B07C52C22D14400627BC5 /* Admin */,
				CC06A96C2C0C0AE600A0DAD3 /* Vendor */,
				CC7B07C02C22D02800627BC5 /* Buyer */,
			);
			path = Settings;
			sourceTree = "<group>";
		};
		CC8C42752C2031E600C05061 /* Products */ = {
			isa = PBXGroup;
			children = (
				CC2ACF952C100A7B004C040B /* ProductCategoryViewModel.swift */,
			);
			path = Products;
			sourceTree = "<group>";
		};
		CC8C42762C2031F300C05061 /* Orders */ = {
			isa = PBXGroup;
			children = (
				CC11078C2C1456F200AB9F58 /* VendorOrdersViewModel.swift */,
				CCDED4712C154E9F0063C1D2 /* OrderDetailViewModel.swift */,
			);
			path = Orders;
			sourceTree = "<group>";
		};
		CC8C42772C2031FA00C05061 /* Inventory */ = {
			isa = PBXGroup;
			children = (
				CCC5B0412BFBB8700007BEC1 /* VendorInventoryViewModel.swift */,
				CCC5B0432BFBB9310007BEC1 /* AddProductViewModel.swift */,
			);
			path = Inventory;
			sourceTree = "<group>";
		};
		CC8C42782C2034C700C05061 /* Main */ = {
			isa = PBXGroup;
			children = (
				CCD3B0022BCA28B5000AFB80 /* TabView.swift */,
				CC97AF042BBE5DE3007BB76C /* MainView.swift */,
				CC06A97E2C0C97F000A0DAD3 /* NoNetworkView.swift */,
			);
			path = Main;
			sourceTree = "<group>";
		};
		CC8C42792C20353900C05061 /* Buyer */ = {
			isa = PBXGroup;
			children = (
				CC06A9502C0C070000A0DAD3 /* Cart */,
				CC06A9562C0C07A100A0DAD3 /* HomePage */,
				CC06A9582C0C07C100A0DAD3 /* CategoryPage */,
			);
			path = Buyer;
			sourceTree = "<group>";
		};
		CC8C427A2C20355800C05061 /* Common */ = {
			isa = PBXGroup;
			children = (
				CC06A9542C0C074200A0DAD3 /* Button */,
				CC3CF4E12C1994C400C8A58D /* CityView.swift */,
			);
			path = Common;
			sourceTree = "<group>";
		};
		CC8C427D2C20359900C05061 /* Inventory */ = {
			isa = PBXGroup;
			children = (
				CCC5B0452BFBB95A0007BEC1 /* AddProductView.swift */,
				CCC5B0472BFBB9A80007BEC1 /* InventoryProductDetailView.swift */,
				CCC5B03F2BFBB8580007BEC1 /* VendorInventoryView.swift */,
			);
			path = Inventory;
			sourceTree = "<group>";
		};
		CC8C427E2C2035A000C05061 /* Orders */ = {
			isa = PBXGroup;
			children = (
				CCDED46F2C1544CA0063C1D2 /* OrderDetailView.swift */,
				CC11078A2C14565400AB9F58 /* VendorOrdersView.swift */,
			);
			path = Orders;
			sourceTree = "<group>";
		};
		CC97AEB92BBE4FCE007BB76C = {
			isa = PBXGroup;
			children = (
				CC1026232C218908003FF6C4 /* Launch Screen.storyboard */,
				CC97AEC42BBE4FCE007BB76C /* HouseRizz-iOS */,
				CC97AEC32BBE4FCE007BB76C /* Products */,
				CC97AEF52BBE5C79007BB76C /* Frameworks */,
			);
			sourceTree = "<group>";
		};
		CC97AEC32BBE4FCE007BB76C /* Products */ = {
			isa = PBXGroup;
			children = (
				CC97AEC22BBE4FCE007BB76C /* HouseRizz-iOS.app */,
			);
			name = Products;
			sourceTree = "<group>";
		};
		CC97AEC42BBE4FCE007BB76C /* HouseRizz-iOS */ = {
			isa = PBXGroup;
			children = (
				CC06A9792C0C976700A0DAD3 /* ObservableObject */,
				CC3D289D2BC4005900C1E119 /* View */,
				CC3D289B2BC4004A00C1E119 /* Model */,
				CC3D289E2BC4005F00C1E119 /* Utilities */,
				CC3D28A02BC4009000C1E119 /* Support */,
				CCCBC6362BD182BA00D0FCEA /* HouseRizz-iOS.entitlements */,
				CC97AF0C2BBE5E29007BB76C /* Info.plist */,
				CC97AF112BBE7570007BB76C /* Assets */,
				CC97AECB2BBE4FD0007BB76C /* Preview Content */,
			);
			path = "HouseRizz-iOS";
			sourceTree = "<group>";
		};
		CC97AECB2BBE4FD0007BB76C /* Preview Content */ = {
			isa = PBXGroup;
			children = (
				CC97AECC2BBE4FD0007BB76C /* Preview Assets.xcassets */,
			);
			path = "Preview Content";
			sourceTree = "<group>";
		};
		CC97AEF52BBE5C79007BB76C /* Frameworks */ = {
			isa = PBXGroup;
			children = (
			);
			name = Frameworks;
			sourceTree = "<group>";
		};
		CC97AF112BBE7570007BB76C /* Assets */ = {
			isa = PBXGroup;
			children = (
				CC97AF152BBE75C4007BB76C /* retrotv.usdz */,
				CCC42C242BC03A47004E51F9 /* robot.usdz */,
				CCC42C222BC03A42004E51F9 /* fender.usdz */,
				CC97AF132BBE7590007BB76C /* redchair.usdz */,
			);
			path = Assets;
			sourceTree = "<group>";
		};
		CCDB49AC2C16D93E00F7031B /* Orders */ = {
			isa = PBXGroup;
			children = (
				CCDB49AD2C16D95900F7031B /* OrderHistoryListView.swift */,
				CCDB49B12C16DBC300F7031B /* OrderHistoryDetailView.swift */,
			);
			path = Orders;
			sourceTree = "<group>";
		};
/* End PBXGroup section */

/* Begin PBXNativeTarget section */
		CC97AEC12BBE4FCE007BB76C /* HouseRizz-iOS */ = {
			isa = PBXNativeTarget;
			buildConfigurationList = CC97AED02BBE4FD0007BB76C /* Build configuration list for PBXNativeTarget "HouseRizz-iOS" */;
			buildPhases = (
				CC97AEBE2BBE4FCE007BB76C /* Sources */,
				CC97AEBF2BBE4FCE007BB76C /* Frameworks */,
				CC97AEC02BBE4FCE007BB76C /* Resources */,
			);
			buildRules = (
			);
			dependencies = (
			);
			name = "HouseRizz-iOS";
			packageProductDependencies = (
				CC97AEE42BBE5BF6007BB76C /* FirebaseAnalytics */,
				CC97AEE62BBE5BF7007BB76C /* FirebaseAnalyticsOnDeviceConversion */,
				CC97AEE82BBE5BF7007BB76C /* FirebaseAnalyticsSwift */,
				CC97AEEA2BBE5BF7007BB76C /* FirebaseAnalyticsWithoutAdIdSupport */,
				CC97AEEC2BBE5BF7007BB76C /* FirebaseAppCheck */,
				CC97AEEF2BBE5C1D007BB76C /* GoogleSignIn */,
				CC97AEF12BBE5C1D007BB76C /* GoogleSignInSwift */,
				CC97AEF62BBE5C79007BB76C /* FirebaseAuth */,
				CC97AEF82BBE5CA7007BB76C /* FirebaseFirestore */,
				CC97AEFA2BBE5CA7007BB76C /* FirebaseFirestoreCombine-Community */,
				CC97AEFC2BBE5CA7007BB76C /* FirebaseFirestoreSwift */,
				CC97AEFE2BBE5CB4007BB76C /* FirebaseStorage */,
				CC97AF182BBE79A4007BB76C /* FocusEntity */,
				CC97AF1B2BBE8109007BB76C /* ARPersistence */,
				CC69BD672C2428B900491014 /* Replicate */,
			);
			productName = "HouseRizz-iOS";
			productReference = CC97AEC22BBE4FCE007BB76C /* HouseRizz-iOS.app */;
			productType = "com.apple.product-type.application";
		};
/* End PBXNativeTarget section */

/* Begin PBXProject section */
		CC97AEBA2BBE4FCE007BB76C /* Project object */ = {
			isa = PBXProject;
			attributes = {
				BuildIndependentTargetsInParallel = 1;
				LastSwiftUpdateCheck = 1520;
				LastUpgradeCheck = 1520;
				TargetAttributes = {
					CC97AEC12BBE4FCE007BB76C = {
						CreatedOnToolsVersion = 15.2;
					};
				};
			};
			buildConfigurationList = CC97AEBD2BBE4FCE007BB76C /* Build configuration list for PBXProject "HouseRizz-iOS" */;
			compatibilityVersion = "Xcode 14.0";
			developmentRegion = en;
			hasScannedForEncodings = 0;
			knownRegions = (
				en,
				Base,
			);
			mainGroup = CC97AEB92BBE4FCE007BB76C;
			packageReferences = (
				CC97AEE32BBE5BF6007BB76C /* XCRemoteSwiftPackageReference "firebase-ios-sdk" */,
				CC97AEEE2BBE5C1D007BB76C /* XCRemoteSwiftPackageReference "GoogleSignIn-iOS" */,
				CC97AF172BBE79A3007BB76C /* XCRemoteSwiftPackageReference "FocusEntity" */,
				CC97AF1A2BBE8108007BB76C /* XCRemoteSwiftPackageReference "ARPersistence" */,
				CC69BD662C2428B900491014 /* XCRemoteSwiftPackageReference "replicate-swift" */,
			);
			productRefGroup = CC97AEC32BBE4FCE007BB76C /* Products */;
			projectDirPath = "";
			projectRoot = "";
			targets = (
				CC97AEC12BBE4FCE007BB76C /* HouseRizz-iOS */,
			);
		};
/* End PBXProject section */

/* Begin PBXResourcesBuildPhase section */
		CC97AEC02BBE4FCE007BB76C /* Resources */ = {
			isa = PBXResourcesBuildPhase;
			buildActionMask = 2147483647;
			files = (
				CC97AECD2BBE4FD0007BB76C /* Preview Assets.xcassets in Resources */,
				CCC42C252BC03A47004E51F9 /* robot.usdz in Resources */,
				CC1026242C218908003FF6C4 /* Launch Screen.storyboard in Resources */,
				CC97AF162BBE75C4007BB76C /* retrotv.usdz in Resources */,
				CC97AECA2BBE4FD0007BB76C /* Assets.xcassets in Resources */,
				CC97AF142BBE7590007BB76C /* redchair.usdz in Resources */,
				CCC42C232BC03A42004E51F9 /* fender.usdz in Resources */,
				CC2ACF942C10045B004C040B /* GoogleService-Info.plist in Resources */,
			);
			runOnlyForDeploymentPostprocessing = 0;
		};
/* End PBXResourcesBuildPhase section */

/* Begin PBXSourcesBuildPhase section */
		CC97AEBE2BBE4FCE007BB76C /* Sources */ = {
			isa = PBXSourcesBuildPhase;
			buildActionMask = 2147483647;
			files = (
				CC7B07D32C22DEE300627BC5 /* AddProductCategoriesView.swift in Sources */,
				CC7B07DE2C22EDA900627BC5 /* ManageAddBannerViewModel.swift in Sources */,
				CC97AF012BBE5CCE007BB76C /* HRUser.swift in Sources */,
				CC7B07E02C22EDCF00627BC5 /* AddAddBannerViewModel.swift in Sources */,
				CC7B07C42C22D0F900627BC5 /* AdminInventoryView.swift in Sources */,
				CC2F470E2BC816BA00A4C1FC /* ImageSliderView.swift in Sources */,
				CCAC47892C1C0BAC00A8EBF1 /* UPIViewModel.swift in Sources */,
				CC11078B2C14565400AB9F58 /* VendorOrdersView.swift in Sources */,
				CC69BD2C2C23F68F00491014 /* AIViewModel.swift in Sources */,
				CC7B07CD2C22D4E000627BC5 /* ManageProductCategoriesView.swift in Sources */,
				CC97AF052BBE5DE3007BB76C /* MainView.swift in Sources */,
				CC8D4E962C04B6B10080BC0D /* HomeViewModel.swift in Sources */,
				CC3CF4E02C198DEC00C8A58D /* CityPickerView.swift in Sources */,
				CC7B07DC2C22ED8E00627BC5 /* AddAddBannerView.swift in Sources */,
				CC06A97D2C0C97A100A0DAD3 /* NetworkManager.swift in Sources */,
				CCA735562C1FDEE800053DDE /* LoginView.swift in Sources */,
				CC9257F62BFB88AB0066F94B /* CKUtility.swift in Sources */,
				CCC5B03C2BFBB6B80007BEC1 /* InventoryProductCardView.swift in Sources */,
				CC2F47142BC8389B00A4C1FC /* CartViewModel.swift in Sources */,
				CC2F47182BC8D5ED00A4C1FC /* CartProductView.swift in Sources */,
				CC2F471C2BC8EAF400A4C1FC /* ProductDetailsView.swift in Sources */,
				CC2F471A2BC8D73A00A4C1FC /* CartView.swift in Sources */,
				CCD3B0052BCA302C000AFB80 /* HRTabItems.swift in Sources */,
				CCDED4722C154E9F0063C1D2 /* OrderDetailViewModel.swift in Sources */,
				CC06A9732C0C8D5800A0DAD3 /* DoubleExtension.swift in Sources */,
				CC7B07C92C22D33A00627BC5 /* AdminOrdersView.swift in Sources */,
				CC06A9752C0C917E00A0DAD3 /* HRAddProductButton.swift in Sources */,
				CC7B07DA2C22ECE100627BC5 /* ManageAddBannerView.swift in Sources */,
				CC7B07D82C22E41100627BC5 /* CategoryViewModel.swift in Sources */,
				CCDF24C02C12A5DB00353DD1 /* HRCartButton.swift in Sources */,
				CC2F47082BC80E6100A4C1FC /* HomeView.swift in Sources */,
				CC3CF4E22C1994C400C8A58D /* CityView.swift in Sources */,
				CCDB49B62C173BC200F7031B /* EditAddressView.swift in Sources */,
				CCAC478D2C1C1A5600A8EBF1 /* UPIListView.swift in Sources */,
				CCC5B0462BFBB95A0007BEC1 /* AddProductView.swift in Sources */,
				CCDB49B02C16D9AB00F7031B /* OrderHistoryListViewModel.swift in Sources */,
				CC06A97F2C0C97F000A0DAD3 /* NoNetworkView.swift in Sources */,
				CCAC478B2C1C0E8C00A8EBF1 /* UPIListItemModel.swift in Sources */,
				CC5DF1F22BCE6A0800061AB3 /* ProductCategoryView.swift in Sources */,
				CCD3B0032BCA28B5000AFB80 /* TabView.swift in Sources */,
				CCC5B03E2BFBB7700007BEC1 /* HRTextField.swift in Sources */,
				CC2F47162BC8CE1900A4C1FC /* CartButton.swift in Sources */,
				CCDB49B22C16DBC300F7031B /* OrderHistoryDetailView.swift in Sources */,
				CC7B07C72C22D15A00627BC5 /* AdminInventoryViewModel.swift in Sources */,
				CC7B07D52C22DF5900627BC5 /* AddProductCategoriesViewModel.swift in Sources */,
				CC7B07D12C22D7F400627BC5 /* ManageProductCategoriesViewModel.swift in Sources */,
				CC06A95E2C0C080500A0DAD3 /* ColorExtension.swift in Sources */,
				CCDED4702C1544CA0063C1D2 /* OrderDetailView.swift in Sources */,
				CC7B07CB2C22D35B00627BC5 /* AdminOrdersViewModel.swift in Sources */,
				CCC5B0442BFBB9310007BEC1 /* AddProductViewModel.swift in Sources */,
				CCC5B0402BFBB8580007BEC1 /* VendorInventoryView.swift in Sources */,
				CCC5B0482BFBB9A80007BEC1 /* InventoryProductDetailView.swift in Sources */,
				CC2F47102BC81CDB00A4C1FC /* ProductCardView.swift in Sources */,
				CC97AEC82BBE4FCE007BB76C /* CameraView.swift in Sources */,
				CC7B07E22C22EE3700627BC5 /* HRAddBanner.swift in Sources */,
				CC548A3E2C1DA61400E98B85 /* TermsView.swift in Sources */,
				CC2F47122BC81D6D00A4C1FC /* SearchBarView.swift in Sources */,
				CC548A402C1DA62300E98B85 /* PrivacyView.swift in Sources */,
				CCD3B0072BCA3440000AFB80 /* AIView.swift in Sources */,
				CC2ACF982C101026004C040B /* HRCartItem.swift in Sources */,
				CC82F8982C147FA800D978C8 /* OrderListItemView.swift in Sources */,
				CC0231582BCD47C8007CC053 /* CategoryView.swift in Sources */,
				CCAC47872C1C0B9E00A8EBF1 /* UPIView.swift in Sources */,
				CC06A96F2C0C898D00A0DAD3 /* TextFieldExtension.swift in Sources */,
				CC97AEC62BBE4FCE007BB76C /* AppDelegate.swift in Sources */,
				CC97AF072BBE5DEA007BB76C /* AuthenticationView.swift in Sources */,
				CCC5B0422BFBB8700007BEC1 /* VendorInventoryViewModel.swift in Sources */,
				CCAC478F2C1C226E00A8EBF1 /* NoUPIAppsInstalledView.swift in Sources */,
				CC97AF092BBE5DEF007BB76C /* SignupView.swift in Sources */,
				CC06A95C2C0C07F100A0DAD3 /* EncodableExtension.swift in Sources */,
				CC97AEF42BBE5C46007BB76C /* Authentication.swift in Sources */,
				CC548A3A2C1DA5FC00E98B85 /* HelpView.swift in Sources */,
				CC06A9602C0C082200A0DAD3 /* NumberFormatterExtension.swift in Sources */,
				CC5DF1F42BCE795300061AB3 /* CategoryCard.swift in Sources */,
				CC11078D2C1456F200AB9F58 /* VendorOrdersViewModel.swift in Sources */,
				CCC5B03A2BFBB62F0007BEC1 /* HRProduct.swift in Sources */,
				CC1107892C13F0EB00AB9F58 /* HROrder.swift in Sources */,
				CC97AF0E2BBE5E52007BB76C /* HRAuthenticationButton.swift in Sources */,
				CC3CF4E42C19989200C8A58D /* SearchViewModel.swift in Sources */,
				CC3CF4DE2C198BE500C8A58D /* SearchView.swift in Sources */,
				CC548A3C2C1DA60500E98B85 /* RefundView.swift in Sources */,
				CC7B07CF2C22D59400627BC5 /* HRProductCategory.swift in Sources */,
				CC2ACF962C100A7B004C040B /* ProductCategoryViewModel.swift in Sources */,
				CCDB49AE2C16D95900F7031B /* OrderHistoryListView.swift in Sources */,
				CC97AF102BBE5F1E007BB76C /* SettingsView.swift in Sources */,
			);
			runOnlyForDeploymentPostprocessing = 0;
		};
/* End PBXSourcesBuildPhase section */

/* Begin XCBuildConfiguration section */
		CC97AECE2BBE4FD0007BB76C /* Debug */ = {
			isa = XCBuildConfiguration;
			buildSettings = {
				ALWAYS_SEARCH_USER_PATHS = NO;
				ASSETCATALOG_COMPILER_GENERATE_SWIFT_ASSET_SYMBOL_EXTENSIONS = YES;
				CLANG_ANALYZER_NONNULL = YES;
				CLANG_ANALYZER_NUMBER_OBJECT_CONVERSION = YES_AGGRESSIVE;
				CLANG_CXX_LANGUAGE_STANDARD = "gnu++20";
				CLANG_ENABLE_MODULES = YES;
				CLANG_ENABLE_OBJC_ARC = YES;
				CLANG_ENABLE_OBJC_WEAK = YES;
				CLANG_WARN_BLOCK_CAPTURE_AUTORELEASING = YES;
				CLANG_WARN_BOOL_CONVERSION = YES;
				CLANG_WARN_COMMA = YES;
				CLANG_WARN_CONSTANT_CONVERSION = YES;
				CLANG_WARN_DEPRECATED_OBJC_IMPLEMENTATIONS = YES;
				CLANG_WARN_DIRECT_OBJC_ISA_USAGE = YES_ERROR;
				CLANG_WARN_DOCUMENTATION_COMMENTS = YES;
				CLANG_WARN_EMPTY_BODY = YES;
				CLANG_WARN_ENUM_CONVERSION = YES;
				CLANG_WARN_INFINITE_RECURSION = YES;
				CLANG_WARN_INT_CONVERSION = YES;
				CLANG_WARN_NON_LITERAL_NULL_CONVERSION = YES;
				CLANG_WARN_OBJC_IMPLICIT_RETAIN_SELF = YES;
				CLANG_WARN_OBJC_LITERAL_CONVERSION = YES;
				CLANG_WARN_OBJC_ROOT_CLASS = YES_ERROR;
				CLANG_WARN_QUOTED_INCLUDE_IN_FRAMEWORK_HEADER = YES;
				CLANG_WARN_RANGE_LOOP_ANALYSIS = YES;
				CLANG_WARN_STRICT_PROTOTYPES = YES;
				CLANG_WARN_SUSPICIOUS_MOVE = YES;
				CLANG_WARN_UNGUARDED_AVAILABILITY = YES_AGGRESSIVE;
				CLANG_WARN_UNREACHABLE_CODE = YES;
				CLANG_WARN__DUPLICATE_METHOD_MATCH = YES;
				COPY_PHASE_STRIP = NO;
				DEBUG_INFORMATION_FORMAT = dwarf;
				ENABLE_STRICT_OBJC_MSGSEND = YES;
				ENABLE_TESTABILITY = YES;
				ENABLE_USER_SCRIPT_SANDBOXING = YES;
				GCC_C_LANGUAGE_STANDARD = gnu17;
				GCC_DYNAMIC_NO_PIC = NO;
				GCC_NO_COMMON_BLOCKS = YES;
				GCC_OPTIMIZATION_LEVEL = 0;
				GCC_PREPROCESSOR_DEFINITIONS = (
					"DEBUG=1",
					"$(inherited)",
				);
				GCC_WARN_64_TO_32_BIT_CONVERSION = YES;
				GCC_WARN_ABOUT_RETURN_TYPE = YES_ERROR;
				GCC_WARN_UNDECLARED_SELECTOR = YES;
				GCC_WARN_UNINITIALIZED_AUTOS = YES_AGGRESSIVE;
				GCC_WARN_UNUSED_FUNCTION = YES;
				GCC_WARN_UNUSED_VARIABLE = YES;
				IPHONEOS_DEPLOYMENT_TARGET = 17.2;
				LOCALIZATION_PREFERS_STRING_CATALOGS = YES;
				MTL_ENABLE_DEBUG_INFO = INCLUDE_SOURCE;
				MTL_FAST_MATH = YES;
				ONLY_ACTIVE_ARCH = YES;
				SDKROOT = iphoneos;
				SWIFT_ACTIVE_COMPILATION_CONDITIONS = "DEBUG $(inherited)";
				SWIFT_OPTIMIZATION_LEVEL = "-Onone";
			};
			name = Debug;
		};
		CC97AECF2BBE4FD0007BB76C /* Release */ = {
			isa = XCBuildConfiguration;
			buildSettings = {
				ALWAYS_SEARCH_USER_PATHS = NO;
				ASSETCATALOG_COMPILER_GENERATE_SWIFT_ASSET_SYMBOL_EXTENSIONS = YES;
				CLANG_ANALYZER_NONNULL = YES;
				CLANG_ANALYZER_NUMBER_OBJECT_CONVERSION = YES_AGGRESSIVE;
				CLANG_CXX_LANGUAGE_STANDARD = "gnu++20";
				CLANG_ENABLE_MODULES = YES;
				CLANG_ENABLE_OBJC_ARC = YES;
				CLANG_ENABLE_OBJC_WEAK = YES;
				CLANG_WARN_BLOCK_CAPTURE_AUTORELEASING = YES;
				CLANG_WARN_BOOL_CONVERSION = YES;
				CLANG_WARN_COMMA = YES;
				CLANG_WARN_CONSTANT_CONVERSION = YES;
				CLANG_WARN_DEPRECATED_OBJC_IMPLEMENTATIONS = YES;
				CLANG_WARN_DIRECT_OBJC_ISA_USAGE = YES_ERROR;
				CLANG_WARN_DOCUMENTATION_COMMENTS = YES;
				CLANG_WARN_EMPTY_BODY = YES;
				CLANG_WARN_ENUM_CONVERSION = YES;
				CLANG_WARN_INFINITE_RECURSION = YES;
				CLANG_WARN_INT_CONVERSION = YES;
				CLANG_WARN_NON_LITERAL_NULL_CONVERSION = YES;
				CLANG_WARN_OBJC_IMPLICIT_RETAIN_SELF = YES;
				CLANG_WARN_OBJC_LITERAL_CONVERSION = YES;
				CLANG_WARN_OBJC_ROOT_CLASS = YES_ERROR;
				CLANG_WARN_QUOTED_INCLUDE_IN_FRAMEWORK_HEADER = YES;
				CLANG_WARN_RANGE_LOOP_ANALYSIS = YES;
				CLANG_WARN_STRICT_PROTOTYPES = YES;
				CLANG_WARN_SUSPICIOUS_MOVE = YES;
				CLANG_WARN_UNGUARDED_AVAILABILITY = YES_AGGRESSIVE;
				CLANG_WARN_UNREACHABLE_CODE = YES;
				CLANG_WARN__DUPLICATE_METHOD_MATCH = YES;
				COPY_PHASE_STRIP = NO;
				DEBUG_INFORMATION_FORMAT = "dwarf-with-dsym";
				ENABLE_NS_ASSERTIONS = NO;
				ENABLE_STRICT_OBJC_MSGSEND = YES;
				ENABLE_USER_SCRIPT_SANDBOXING = YES;
				GCC_C_LANGUAGE_STANDARD = gnu17;
				GCC_NO_COMMON_BLOCKS = YES;
				GCC_WARN_64_TO_32_BIT_CONVERSION = YES;
				GCC_WARN_ABOUT_RETURN_TYPE = YES_ERROR;
				GCC_WARN_UNDECLARED_SELECTOR = YES;
				GCC_WARN_UNINITIALIZED_AUTOS = YES_AGGRESSIVE;
				GCC_WARN_UNUSED_FUNCTION = YES;
				GCC_WARN_UNUSED_VARIABLE = YES;
				IPHONEOS_DEPLOYMENT_TARGET = 17.2;
				LOCALIZATION_PREFERS_STRING_CATALOGS = YES;
				MTL_ENABLE_DEBUG_INFO = NO;
				MTL_FAST_MATH = YES;
				SDKROOT = iphoneos;
				SWIFT_COMPILATION_MODE = wholemodule;
				VALIDATE_PRODUCT = YES;
			};
			name = Release;
		};
		CC97AED12BBE4FD0007BB76C /* Debug */ = {
			isa = XCBuildConfiguration;
			buildSettings = {
				ASSETCATALOG_COMPILER_APPICON_NAME = AppIcon;
				ASSETCATALOG_COMPILER_GLOBAL_ACCENT_COLOR_NAME = AccentColor;
				CODE_SIGN_ENTITLEMENTS = "HouseRizz-iOS/HouseRizz-iOS.entitlements";
				CODE_SIGN_STYLE = Automatic;
				CURRENT_PROJECT_VERSION = 1;
				DEVELOPMENT_ASSET_PATHS = "\"HouseRizz-iOS/Preview Content\"";
				DEVELOPMENT_TEAM = 792SAN8W5Y;
				ENABLE_PREVIEWS = YES;
				GENERATE_INFOPLIST_FILE = YES;
				INFOPLIST_FILE = "HouseRizz-iOS/Info.plist";
				INFOPLIST_KEY_CFBundleDisplayName = HouseRizz;
				INFOPLIST_KEY_NSCameraUsageDescription = "";
				INFOPLIST_KEY_UIApplicationSupportsIndirectInputEvents = YES;
				INFOPLIST_KEY_UILaunchScreen_Generation = YES;
				INFOPLIST_KEY_UILaunchStoryboardName = "Launch Screen.storyboard";
				INFOPLIST_KEY_UIRequiredDeviceCapabilities = arkit;
				INFOPLIST_KEY_UIRequiresFullScreen = YES;
				INFOPLIST_KEY_UIStatusBarHidden = YES;
				INFOPLIST_KEY_UISupportedInterfaceOrientations = UIInterfaceOrientationPortrait;
				INFOPLIST_KEY_UISupportedInterfaceOrientations_iPad = "UIInterfaceOrientationLandscapeLeft UIInterfaceOrientationLandscapeRight UIInterfaceOrientationPortrait";
				IPHONEOS_DEPLOYMENT_TARGET = 17.0;
				LD_RUNPATH_SEARCH_PATHS = (
					"$(inherited)",
					"@executable_path/Frameworks",
				);
				MARKETING_VERSION = 1.2;
				PRODUCT_BUNDLE_IDENTIFIER = "krishmittal.HouseRizz-iOS";
				PRODUCT_NAME = "$(TARGET_NAME)";
				SUPPORTED_PLATFORMS = "iphoneos iphonesimulator";
				SUPPORTS_MACCATALYST = NO;
				SUPPORTS_MAC_DESIGNED_FOR_IPHONE_IPAD = NO;
				SUPPORTS_XR_DESIGNED_FOR_IPHONE_IPAD = NO;
				SWIFT_EMIT_LOC_STRINGS = YES;
				SWIFT_VERSION = 5.0;
				TARGETED_DEVICE_FAMILY = 1;
			};
			name = Debug;
		};
		CC97AED22BBE4FD0007BB76C /* Release */ = {
			isa = XCBuildConfiguration;
			buildSettings = {
				ASSETCATALOG_COMPILER_APPICON_NAME = AppIcon;
				ASSETCATALOG_COMPILER_GLOBAL_ACCENT_COLOR_NAME = AccentColor;
				CODE_SIGN_ENTITLEMENTS = "HouseRizz-iOS/HouseRizz-iOS.entitlements";
				CODE_SIGN_STYLE = Automatic;
				CURRENT_PROJECT_VERSION = 1;
				DEVELOPMENT_ASSET_PATHS = "\"HouseRizz-iOS/Preview Content\"";
				DEVELOPMENT_TEAM = 792SAN8W5Y;
				ENABLE_PREVIEWS = YES;
				GENERATE_INFOPLIST_FILE = YES;
				INFOPLIST_FILE = "HouseRizz-iOS/Info.plist";
				INFOPLIST_KEY_CFBundleDisplayName = HouseRizz;
				INFOPLIST_KEY_NSCameraUsageDescription = "";
				INFOPLIST_KEY_UIApplicationSupportsIndirectInputEvents = YES;
				INFOPLIST_KEY_UILaunchScreen_Generation = YES;
				INFOPLIST_KEY_UILaunchStoryboardName = "Launch Screen.storyboard";
				INFOPLIST_KEY_UIRequiredDeviceCapabilities = arkit;
				INFOPLIST_KEY_UIRequiresFullScreen = YES;
				INFOPLIST_KEY_UIStatusBarHidden = YES;
				INFOPLIST_KEY_UISupportedInterfaceOrientations = UIInterfaceOrientationPortrait;
				INFOPLIST_KEY_UISupportedInterfaceOrientations_iPad = "UIInterfaceOrientationLandscapeLeft UIInterfaceOrientationLandscapeRight UIInterfaceOrientationPortrait";
				IPHONEOS_DEPLOYMENT_TARGET = 17.0;
				LD_RUNPATH_SEARCH_PATHS = (
					"$(inherited)",
					"@executable_path/Frameworks",
				);
				MARKETING_VERSION = 1.2;
				PRODUCT_BUNDLE_IDENTIFIER = "krishmittal.HouseRizz-iOS";
				PRODUCT_NAME = "$(TARGET_NAME)";
				SUPPORTED_PLATFORMS = "iphoneos iphonesimulator";
				SUPPORTS_MACCATALYST = NO;
				SUPPORTS_MAC_DESIGNED_FOR_IPHONE_IPAD = NO;
				SUPPORTS_XR_DESIGNED_FOR_IPHONE_IPAD = NO;
				SWIFT_EMIT_LOC_STRINGS = YES;
				SWIFT_VERSION = 5.0;
				TARGETED_DEVICE_FAMILY = 1;
			};
			name = Release;
		};
/* End XCBuildConfiguration section */

/* Begin XCConfigurationList section */
		CC97AEBD2BBE4FCE007BB76C /* Build configuration list for PBXProject "HouseRizz-iOS" */ = {
			isa = XCConfigurationList;
			buildConfigurations = (
				CC97AECE2BBE4FD0007BB76C /* Debug */,
				CC97AECF2BBE4FD0007BB76C /* Release */,
			);
			defaultConfigurationIsVisible = 0;
			defaultConfigurationName = Release;
		};
		CC97AED02BBE4FD0007BB76C /* Build configuration list for PBXNativeTarget "HouseRizz-iOS" */ = {
			isa = XCConfigurationList;
			buildConfigurations = (
				CC97AED12BBE4FD0007BB76C /* Debug */,
				CC97AED22BBE4FD0007BB76C /* Release */,
			);
			defaultConfigurationIsVisible = 0;
			defaultConfigurationName = Release;
		};
/* End XCConfigurationList section */

/* Begin XCRemoteSwiftPackageReference section */
		CC69BD662C2428B900491014 /* XCRemoteSwiftPackageReference "replicate-swift" */ = {
			isa = XCRemoteSwiftPackageReference;
			repositoryURL = "https://github.com/replicate/replicate-swift.git";
			requirement = {
				kind = upToNextMajorVersion;
				minimumVersion = 0.21.0;
			};
		};
		CC97AEE32BBE5BF6007BB76C /* XCRemoteSwiftPackageReference "firebase-ios-sdk" */ = {
			isa = XCRemoteSwiftPackageReference;
			repositoryURL = "https://github.com/firebase/firebase-ios-sdk";
			requirement = {
				kind = upToNextMajorVersion;
				minimumVersion = 10.23.1;
			};
		};
		CC97AEEE2BBE5C1D007BB76C /* XCRemoteSwiftPackageReference "GoogleSignIn-iOS" */ = {
			isa = XCRemoteSwiftPackageReference;
			repositoryURL = "https://github.com/google/GoogleSignIn-iOS.git";
			requirement = {
				kind = upToNextMajorVersion;
				minimumVersion = 7.1.0;
			};
		};
		CC97AF172BBE79A3007BB76C /* XCRemoteSwiftPackageReference "FocusEntity" */ = {
			isa = XCRemoteSwiftPackageReference;
			repositoryURL = "https://github.com/maxxfrazer/FocusEntity";
			requirement = {
				kind = upToNextMajorVersion;
				minimumVersion = 2.5.1;
			};
		};
		CC97AF1A2BBE8108007BB76C /* XCRemoteSwiftPackageReference "ARPersistence" */ = {
			isa = XCRemoteSwiftPackageReference;
			repositoryURL = "https://github.com/Shiru99/ARPersistence";
			requirement = {
				kind = upToNextMajorVersion;
				minimumVersion = 1.0.0;
			};
		};
/* End XCRemoteSwiftPackageReference section */

/* Begin XCSwiftPackageProductDependency section */
		CC69BD672C2428B900491014 /* Replicate */ = {
			isa = XCSwiftPackageProductDependency;
			package = CC69BD662C2428B900491014 /* XCRemoteSwiftPackageReference "replicate-swift" */;
			productName = Replicate;
		};
		CC97AEE42BBE5BF6007BB76C /* FirebaseAnalytics */ = {
			isa = XCSwiftPackageProductDependency;
			package = CC97AEE32BBE5BF6007BB76C /* XCRemoteSwiftPackageReference "firebase-ios-sdk" */;
			productName = FirebaseAnalytics;
		};
		CC97AEE62BBE5BF7007BB76C /* FirebaseAnalyticsOnDeviceConversion */ = {
			isa = XCSwiftPackageProductDependency;
			package = CC97AEE32BBE5BF6007BB76C /* XCRemoteSwiftPackageReference "firebase-ios-sdk" */;
			productName = FirebaseAnalyticsOnDeviceConversion;
		};
		CC97AEE82BBE5BF7007BB76C /* FirebaseAnalyticsSwift */ = {
			isa = XCSwiftPackageProductDependency;
			package = CC97AEE32BBE5BF6007BB76C /* XCRemoteSwiftPackageReference "firebase-ios-sdk" */;
			productName = FirebaseAnalyticsSwift;
		};
		CC97AEEA2BBE5BF7007BB76C /* FirebaseAnalyticsWithoutAdIdSupport */ = {
			isa = XCSwiftPackageProductDependency;
			package = CC97AEE32BBE5BF6007BB76C /* XCRemoteSwiftPackageReference "firebase-ios-sdk" */;
			productName = FirebaseAnalyticsWithoutAdIdSupport;
		};
		CC97AEEC2BBE5BF7007BB76C /* FirebaseAppCheck */ = {
			isa = XCSwiftPackageProductDependency;
			package = CC97AEE32BBE5BF6007BB76C /* XCRemoteSwiftPackageReference "firebase-ios-sdk" */;
			productName = FirebaseAppCheck;
		};
		CC97AEEF2BBE5C1D007BB76C /* GoogleSignIn */ = {
			isa = XCSwiftPackageProductDependency;
			package = CC97AEEE2BBE5C1D007BB76C /* XCRemoteSwiftPackageReference "GoogleSignIn-iOS" */;
			productName = GoogleSignIn;
		};
		CC97AEF12BBE5C1D007BB76C /* GoogleSignInSwift */ = {
			isa = XCSwiftPackageProductDependency;
			package = CC97AEEE2BBE5C1D007BB76C /* XCRemoteSwiftPackageReference "GoogleSignIn-iOS" */;
			productName = GoogleSignInSwift;
		};
		CC97AEF62BBE5C79007BB76C /* FirebaseAuth */ = {
			isa = XCSwiftPackageProductDependency;
			package = CC97AEE32BBE5BF6007BB76C /* XCRemoteSwiftPackageReference "firebase-ios-sdk" */;
			productName = FirebaseAuth;
		};
		CC97AEF82BBE5CA7007BB76C /* FirebaseFirestore */ = {
			isa = XCSwiftPackageProductDependency;
			package = CC97AEE32BBE5BF6007BB76C /* XCRemoteSwiftPackageReference "firebase-ios-sdk" */;
			productName = FirebaseFirestore;
		};
		CC97AEFA2BBE5CA7007BB76C /* FirebaseFirestoreCombine-Community */ = {
			isa = XCSwiftPackageProductDependency;
			package = CC97AEE32BBE5BF6007BB76C /* XCRemoteSwiftPackageReference "firebase-ios-sdk" */;
			productName = "FirebaseFirestoreCombine-Community";
		};
		CC97AEFC2BBE5CA7007BB76C /* FirebaseFirestoreSwift */ = {
			isa = XCSwiftPackageProductDependency;
			package = CC97AEE32BBE5BF6007BB76C /* XCRemoteSwiftPackageReference "firebase-ios-sdk" */;
			productName = FirebaseFirestoreSwift;
		};
		CC97AEFE2BBE5CB4007BB76C /* FirebaseStorage */ = {
			isa = XCSwiftPackageProductDependency;
			package = CC97AEE32BBE5BF6007BB76C /* XCRemoteSwiftPackageReference "firebase-ios-sdk" */;
			productName = FirebaseStorage;
		};
		CC97AF182BBE79A4007BB76C /* FocusEntity */ = {
			isa = XCSwiftPackageProductDependency;
			package = CC97AF172BBE79A3007BB76C /* XCRemoteSwiftPackageReference "FocusEntity" */;
			productName = FocusEntity;
		};
		CC97AF1B2BBE8109007BB76C /* ARPersistence */ = {
			isa = XCSwiftPackageProductDependency;
			package = CC97AF1A2BBE8108007BB76C /* XCRemoteSwiftPackageReference "ARPersistence" */;
			productName = ARPersistence;
		};
/* End XCSwiftPackageProductDependency section */
	};
	rootObject = CC97AEBA2BBE4FCE007BB76C /* Project object */;
}
